// !$*UTF8*$!
{
	archiveVersion = 1;
	classes = {
	};
	objectVersion = 56;
	objects = {

/* Begin PBXBuildFile section */
		1AB30A882BC63B7A00AC7215 /* WatchTVApp.swift in Sources */ = {isa = PBXBuildFile; fileRef = 1AB30A872BC63B7A00AC7215 /* WatchTVApp.swift */; };
		1AB30A8A2BC63B7A00AC7215 /* ContentView.swift in Sources */ = {isa = PBXBuildFile; fileRef = 1AB30A892BC63B7A00AC7215 /* ContentView.swift */; };
		1AB30A8C2BC63B7C00AC7215 /* Assets.xcassets in Resources */ = {isa = PBXBuildFile; fileRef = 1AB30A8B2BC63B7C00AC7215 /* Assets.xcassets */; };
		1AB30A8F2BC63B7C00AC7215 /* Preview Assets.xcassets in Resources */ = {isa = PBXBuildFile; fileRef = 1AB30A8E2BC63B7C00AC7215 /* Preview Assets.xcassets */; };
		1AB30A912BC63B7C00AC7215 /* Persistence.swift in Sources */ = {isa = PBXBuildFile; fileRef = 1AB30A902BC63B7C00AC7215 /* Persistence.swift */; };
		1AB30A942BC63B7C00AC7215 /* WatchTV.xcdatamodeld in Sources */ = {isa = PBXBuildFile; fileRef = 1AB30A922BC63B7C00AC7215 /* WatchTV.xcdatamodeld */; };
		1AB30ABB2BC63EA400AC7215 /* UIFont+Helper.swift in Sources */ = {isa = PBXBuildFile; fileRef = 1AB30ABA2BC63EA400AC7215 /* UIFont+Helper.swift */; };
		1AB30ABD2BC63ED400AC7215 /* ImageHelper.swift in Sources */ = {isa = PBXBuildFile; fileRef = 1AB30ABC2BC63ED400AC7215 /* ImageHelper.swift */; };
		1AB30AC22BC63F6100AC7215 /* TodayTrendingMOHandler.swift in Sources */ = {isa = PBXBuildFile; fileRef = 1AB30AC12BC63F6100AC7215 /* TodayTrendingMOHandler.swift */; };
		1AB30AC52BC63FEE00AC7215 /* MovieItemModel.swift in Sources */ = {isa = PBXBuildFile; fileRef = 1AB30AC42BC63FEE00AC7215 /* MovieItemModel.swift */; };
		1AB30AC72BC6400F00AC7215 /* TodayTrendingReponseModel.swift in Sources */ = {isa = PBXBuildFile; fileRef = 1AB30AC62BC6400F00AC7215 /* TodayTrendingReponseModel.swift */; };
		1AB30AC92BC6426400AC7215 /* NetworkManager.swift in Sources */ = {isa = PBXBuildFile; fileRef = 1AB30AC82BC6426400AC7215 /* NetworkManager.swift */; };
		1AB30ACE2BC6460600AC7215 /* MovieDetailModel.swift in Sources */ = {isa = PBXBuildFile; fileRef = 1AB30ACD2BC6460600AC7215 /* MovieDetailModel.swift */; };
		1AB30AD42BC648B200AC7215 /* MovieDetailTopView.swift in Sources */ = {isa = PBXBuildFile; fileRef = 1AB30AD32BC648B200AC7215 /* MovieDetailTopView.swift */; };
		1AB30AD62BC648E800AC7215 /* MovieDetailColumnView.swift in Sources */ = {isa = PBXBuildFile; fileRef = 1AB30AD52BC648E800AC7215 /* MovieDetailColumnView.swift */; };
		1AB30AD82BC648F600AC7215 /* MovieDetailOverview.swift in Sources */ = {isa = PBXBuildFile; fileRef = 1AB30AD72BC648F600AC7215 /* MovieDetailOverview.swift */; };
		1AB30ADB2BC649A100AC7215 /* MovieDetailViewController.swift in Sources */ = {isa = PBXBuildFile; fileRef = 1AB30ADA2BC649A100AC7215 /* MovieDetailViewController.swift */; };
		1AB30ADE2BC649F000AC7215 /* MovieDetailViewModel.swift in Sources */ = {isa = PBXBuildFile; fileRef = 1AB30ADD2BC649F000AC7215 /* MovieDetailViewModel.swift */; };
		1AB30AE32BC64BEC00AC7215 /* MovieTableViewCell.swift in Sources */ = {isa = PBXBuildFile; fileRef = 1AB30AE22BC64BEC00AC7215 /* MovieTableViewCell.swift */; };
		1AB30AE52BC64C5000AC7215 /* MovieInfoView.swift in Sources */ = {isa = PBXBuildFile; fileRef = 1AB30AE42BC64C5000AC7215 /* MovieInfoView.swift */; };
		1AB30AE72BC64C9000AC7215 /* MovieInfoColumnView.swift in Sources */ = {isa = PBXBuildFile; fileRef = 1AB30AE62BC64C9000AC7215 /* MovieInfoColumnView.swift */; };
		1AB30AEA2BC64D1300AC7215 /* MovieListViewModelProtocol.swift in Sources */ = {isa = PBXBuildFile; fileRef = 1AB30AE92BC64D1300AC7215 /* MovieListViewModelProtocol.swift */; };
		1AB30AEC2BC64D5A00AC7215 /* MovieListViewControllerProtocol.swift in Sources */ = {isa = PBXBuildFile; fileRef = 1AB30AEB2BC64D5A00AC7215 /* MovieListViewControllerProtocol.swift */; };
		1AB30AEE2BC64D8700AC7215 /* MovieListViewController.swift in Sources */ = {isa = PBXBuildFile; fileRef = 1AB30AED2BC64D8700AC7215 /* MovieListViewController.swift */; };
		1AB30AF32BC6543C00AC7215 /* TodayTrendingViewController.swift in Sources */ = {isa = PBXBuildFile; fileRef = 1AB30AF22BC6543C00AC7215 /* TodayTrendingViewController.swift */; };
		1AB30AF52BC6547300AC7215 /* TodayTrendingViewModel.swift in Sources */ = {isa = PBXBuildFile; fileRef = 1AB30AF42BC6547300AC7215 /* TodayTrendingViewModel.swift */; };
		1AB30AF72BC6836800AC7215 /* MovieDetailMOHandler.swift in Sources */ = {isa = PBXBuildFile; fileRef = 1AB30AF62BC6836800AC7215 /* MovieDetailMOHandler.swift */; };
		1AB30AF92BC684E900AC7215 /* SearchMovieListMOHandler.swift in Sources */ = {isa = PBXBuildFile; fileRef = 1AB30AF82BC684E900AC7215 /* SearchMovieListMOHandler.swift */; };
		1AB30AFB2BC69E7400AC7215 /* NetworkPathMonitor.swift in Sources */ = {isa = PBXBuildFile; fileRef = 1AB30AFA2BC69E7400AC7215 /* NetworkPathMonitor.swift */; };
		1AB30AFD2BC6A05F00AC7215 /* NetworkPathMonitorProtocol.swift in Sources */ = {isa = PBXBuildFile; fileRef = 1AB30AFC2BC6A05F00AC7215 /* NetworkPathMonitorProtocol.swift */; };
		1AB30B002BC6A0F600AC7215 /* MockNetworkPathMonitor.swift in Sources */ = {isa = PBXBuildFile; fileRef = 1AB30AFF2BC6A0F600AC7215 /* MockNetworkPathMonitor.swift */; };
		1AB30B032BC6ABF000AC7215 /* MovieDetailViewControllerProtocol.swift in Sources */ = {isa = PBXBuildFile; fileRef = 1AB30B022BC6ABF000AC7215 /* MovieDetailViewControllerProtocol.swift */; };
		1AB30B052BC7DB8800AC7215 /* SearchMoviesResponseModel.swift in Sources */ = {isa = PBXBuildFile; fileRef = 1AB30B042BC7DB8800AC7215 /* SearchMoviesResponseModel.swift */; };
		1AB30B082BC8310A00AC7215 /* TodayTrendingPageUITests.swift in Sources */ = {isa = PBXBuildFile; fileRef = 1AB30B072BC8310A00AC7215 /* TodayTrendingPageUITests.swift */; };
		1AB30B0A2BC8388D00AC7215 /* Toast.swift in Sources */ = {isa = PBXBuildFile; fileRef = 1AB30B092BC8388D00AC7215 /* Toast.swift */; };
		1AB30B0C2BC8407B00AC7215 /* UIColor+Hex.swift in Sources */ = {isa = PBXBuildFile; fileRef = 1AB30B0B2BC8407B00AC7215 /* UIColor+Hex.swift */; };
		1AB30B0E2BC8E42200AC7215 /* NetworkManagerTests.swift in Sources */ = {isa = PBXBuildFile; fileRef = 1AB30B0D2BC8E42200AC7215 /* NetworkManagerTests.swift */; };
		1AB30B102BC8E48800AC7215 /* MockURLSession.swift in Sources */ = {isa = PBXBuildFile; fileRef = 1AB30B0F2BC8E48800AC7215 /* MockURLSession.swift */; };
		1AB30B122BC8E4A000AC7215 /* MockURLSessionDataTask.swift in Sources */ = {isa = PBXBuildFile; fileRef = 1AB30B112BC8E4A000AC7215 /* MockURLSessionDataTask.swift */; };
		1AB30B152BC8E76F00AC7215 /* today_trending_data.json in Resources */ = {isa = PBXBuildFile; fileRef = 1AB30B142BC8E76F00AC7215 /* today_trending_data.json */; };
		1AB30B172BC8E8C800AC7215 /* JSONHelpers.swift in Sources */ = {isa = PBXBuildFile; fileRef = 1AB30B162BC8E8C800AC7215 /* JSONHelpers.swift */; };
		1AB30B182BC8F1AC00AC7215 /* today_trending_data.json in Resources */ = {isa = PBXBuildFile; fileRef = 1AB30B142BC8E76F00AC7215 /* today_trending_data.json */; };
		1AB30B1B2BC8FD5500AC7215 /* search_movies_data.json in Resources */ = {isa = PBXBuildFile; fileRef = 1AB30B192BC8FD5500AC7215 /* search_movies_data.json */; };
		1AB30B1C2BC8FD5500AC7215 /* movie_detail_978592.json in Resources */ = {isa = PBXBuildFile; fileRef = 1AB30B1A2BC8FD5500AC7215 /* movie_detail_978592.json */; };
		3916C1C76AFAFD4EAC4C93B0 /* Pods_WatchTV_WatchTVUITests.framework in Frameworks */ = {isa = PBXBuildFile; fileRef = 5C5E429B285479663D85C29D /* Pods_WatchTV_WatchTVUITests.framework */; };
		809CBE9D787D2D8FBFB678B9 /* Pods_WatchTV.framework in Frameworks */ = {isa = PBXBuildFile; fileRef = BA7AAE6B960F505902A98382 /* Pods_WatchTV.framework */; };
		CA4D24CBF6170CDE4756B2A6 /* Pods_WatchTVTests.framework in Frameworks */ = {isa = PBXBuildFile; fileRef = 128834C6C6D624C949B99CE1 /* Pods_WatchTVTests.framework */; };
/* End PBXBuildFile section */

/* Begin PBXContainerItemProxy section */
		1AB30A9A2BC63B7C00AC7215 /* PBXContainerItemProxy */ = {
			isa = PBXContainerItemProxy;
			containerPortal = 1AB30A7C2BC63B7A00AC7215 /* Project object */;
			proxyType = 1;
			remoteGlobalIDString = 1AB30A832BC63B7A00AC7215;
			remoteInfo = WatchTV;
		};
		1AB30AA42BC63B7C00AC7215 /* PBXContainerItemProxy */ = {
			isa = PBXContainerItemProxy;
			containerPortal = 1AB30A7C2BC63B7A00AC7215 /* Project object */;
			proxyType = 1;
			remoteGlobalIDString = 1AB30A832BC63B7A00AC7215;
			remoteInfo = WatchTV;
		};
/* End PBXContainerItemProxy section */

/* Begin PBXFileReference section */
		0A7873B95376D2BD64D1BEFD /* Pods-WatchTV-WatchTVUITests.debug.xcconfig */ = {isa = PBXFileReference; includeInIndex = 1; lastKnownFileType = text.xcconfig; name = "Pods-WatchTV-WatchTVUITests.debug.xcconfig"; path = "Target Support Files/Pods-WatchTV-WatchTVUITests/Pods-WatchTV-WatchTVUITests.debug.xcconfig"; sourceTree = "<group>"; };
		128834C6C6D624C949B99CE1 /* Pods_WatchTVTests.framework */ = {isa = PBXFileReference; explicitFileType = wrapper.framework; includeInIndex = 0; path = Pods_WatchTVTests.framework; sourceTree = BUILT_PRODUCTS_DIR; };
		1AB30A842BC63B7A00AC7215 /* WatchTV.app */ = {isa = PBXFileReference; explicitFileType = wrapper.application; includeInIndex = 0; path = WatchTV.app; sourceTree = BUILT_PRODUCTS_DIR; };
		1AB30A872BC63B7A00AC7215 /* WatchTVApp.swift */ = {isa = PBXFileReference; lastKnownFileType = sourcecode.swift; path = WatchTVApp.swift; sourceTree = "<group>"; };
		1AB30A892BC63B7A00AC7215 /* ContentView.swift */ = {isa = PBXFileReference; lastKnownFileType = sourcecode.swift; path = ContentView.swift; sourceTree = "<group>"; };
		1AB30A8B2BC63B7C00AC7215 /* Assets.xcassets */ = {isa = PBXFileReference; lastKnownFileType = folder.assetcatalog; path = Assets.xcassets; sourceTree = "<group>"; };
		1AB30A8E2BC63B7C00AC7215 /* Preview Assets.xcassets */ = {isa = PBXFileReference; lastKnownFileType = folder.assetcatalog; path = "Preview Assets.xcassets"; sourceTree = "<group>"; };
		1AB30A902BC63B7C00AC7215 /* Persistence.swift */ = {isa = PBXFileReference; lastKnownFileType = sourcecode.swift; path = Persistence.swift; sourceTree = "<group>"; };
		1AB30A932BC63B7C00AC7215 /* WatchTV.xcdatamodel */ = {isa = PBXFileReference; lastKnownFileType = wrapper.xcdatamodel; path = WatchTV.xcdatamodel; sourceTree = "<group>"; };
		1AB30A992BC63B7C00AC7215 /* WatchTVTests.xctest */ = {isa = PBXFileReference; explicitFileType = wrapper.cfbundle; includeInIndex = 0; path = WatchTVTests.xctest; sourceTree = BUILT_PRODUCTS_DIR; };
		1AB30AA32BC63B7C00AC7215 /* WatchTVUITests.xctest */ = {isa = PBXFileReference; explicitFileType = wrapper.cfbundle; includeInIndex = 0; path = WatchTVUITests.xctest; sourceTree = BUILT_PRODUCTS_DIR; };
		1AB30ABA2BC63EA400AC7215 /* UIFont+Helper.swift */ = {isa = PBXFileReference; lastKnownFileType = sourcecode.swift; path = "UIFont+Helper.swift"; sourceTree = "<group>"; };
		1AB30ABC2BC63ED400AC7215 /* ImageHelper.swift */ = {isa = PBXFileReference; lastKnownFileType = sourcecode.swift; path = ImageHelper.swift; sourceTree = "<group>"; };
		1AB30AC12BC63F6100AC7215 /* TodayTrendingMOHandler.swift */ = {isa = PBXFileReference; lastKnownFileType = sourcecode.swift; path = TodayTrendingMOHandler.swift; sourceTree = "<group>"; };
		1AB30AC42BC63FEE00AC7215 /* MovieItemModel.swift */ = {isa = PBXFileReference; lastKnownFileType = sourcecode.swift; path = MovieItemModel.swift; sourceTree = "<group>"; };
		1AB30AC62BC6400F00AC7215 /* TodayTrendingReponseModel.swift */ = {isa = PBXFileReference; lastKnownFileType = sourcecode.swift; path = TodayTrendingReponseModel.swift; sourceTree = "<group>"; };
		1AB30AC82BC6426400AC7215 /* NetworkManager.swift */ = {isa = PBXFileReference; lastKnownFileType = sourcecode.swift; path = NetworkManager.swift; sourceTree = "<group>"; };
		1AB30ACD2BC6460600AC7215 /* MovieDetailModel.swift */ = {isa = PBXFileReference; lastKnownFileType = sourcecode.swift; path = MovieDetailModel.swift; sourceTree = "<group>"; };
		1AB30AD32BC648B200AC7215 /* MovieDetailTopView.swift */ = {isa = PBXFileReference; lastKnownFileType = sourcecode.swift; path = MovieDetailTopView.swift; sourceTree = "<group>"; };
		1AB30AD52BC648E800AC7215 /* MovieDetailColumnView.swift */ = {isa = PBXFileReference; lastKnownFileType = sourcecode.swift; path = MovieDetailColumnView.swift; sourceTree = "<group>"; };
		1AB30AD72BC648F600AC7215 /* MovieDetailOverview.swift */ = {isa = PBXFileReference; lastKnownFileType = sourcecode.swift; path = MovieDetailOverview.swift; sourceTree = "<group>"; };
		1AB30ADA2BC649A100AC7215 /* MovieDetailViewController.swift */ = {isa = PBXFileReference; lastKnownFileType = sourcecode.swift; path = MovieDetailViewController.swift; sourceTree = "<group>"; };
		1AB30ADD2BC649F000AC7215 /* MovieDetailViewModel.swift */ = {isa = PBXFileReference; lastKnownFileType = sourcecode.swift; path = MovieDetailViewModel.swift; sourceTree = "<group>"; };
		1AB30AE22BC64BEC00AC7215 /* MovieTableViewCell.swift */ = {isa = PBXFileReference; lastKnownFileType = sourcecode.swift; path = MovieTableViewCell.swift; sourceTree = "<group>"; };
		1AB30AE42BC64C5000AC7215 /* MovieInfoView.swift */ = {isa = PBXFileReference; lastKnownFileType = sourcecode.swift; path = MovieInfoView.swift; sourceTree = "<group>"; };
		1AB30AE62BC64C9000AC7215 /* MovieInfoColumnView.swift */ = {isa = PBXFileReference; lastKnownFileType = sourcecode.swift; path = MovieInfoColumnView.swift; sourceTree = "<group>"; };
		1AB30AE92BC64D1300AC7215 /* MovieListViewModelProtocol.swift */ = {isa = PBXFileReference; lastKnownFileType = sourcecode.swift; path = MovieListViewModelProtocol.swift; sourceTree = "<group>"; };
		1AB30AEB2BC64D5A00AC7215 /* MovieListViewControllerProtocol.swift */ = {isa = PBXFileReference; lastKnownFileType = sourcecode.swift; path = MovieListViewControllerProtocol.swift; sourceTree = "<group>"; };
		1AB30AED2BC64D8700AC7215 /* MovieListViewController.swift */ = {isa = PBXFileReference; lastKnownFileType = sourcecode.swift; path = MovieListViewController.swift; sourceTree = "<group>"; };
		1AB30AF22BC6543C00AC7215 /* TodayTrendingViewController.swift */ = {isa = PBXFileReference; lastKnownFileType = sourcecode.swift; path = TodayTrendingViewController.swift; sourceTree = "<group>"; };
		1AB30AF42BC6547300AC7215 /* TodayTrendingViewModel.swift */ = {isa = PBXFileReference; lastKnownFileType = sourcecode.swift; path = TodayTrendingViewModel.swift; sourceTree = "<group>"; };
		1AB30AF62BC6836800AC7215 /* MovieDetailMOHandler.swift */ = {isa = PBXFileReference; fileEncoding = 4; lastKnownFileType = sourcecode.swift; path = MovieDetailMOHandler.swift; sourceTree = "<group>"; };
		1AB30AF82BC684E900AC7215 /* SearchMovieListMOHandler.swift */ = {isa = PBXFileReference; lastKnownFileType = sourcecode.swift; path = SearchMovieListMOHandler.swift; sourceTree = "<group>"; };
		1AB30AFA2BC69E7400AC7215 /* NetworkPathMonitor.swift */ = {isa = PBXFileReference; lastKnownFileType = sourcecode.swift; path = NetworkPathMonitor.swift; sourceTree = "<group>"; };
		1AB30AFC2BC6A05F00AC7215 /* NetworkPathMonitorProtocol.swift */ = {isa = PBXFileReference; lastKnownFileType = sourcecode.swift; path = NetworkPathMonitorProtocol.swift; sourceTree = "<group>"; };
		1AB30AFF2BC6A0F600AC7215 /* MockNetworkPathMonitor.swift */ = {isa = PBXFileReference; lastKnownFileType = sourcecode.swift; path = MockNetworkPathMonitor.swift; sourceTree = "<group>"; };
		1AB30B022BC6ABF000AC7215 /* MovieDetailViewControllerProtocol.swift */ = {isa = PBXFileReference; lastKnownFileType = sourcecode.swift; path = MovieDetailViewControllerProtocol.swift; sourceTree = "<group>"; };
		1AB30B042BC7DB8800AC7215 /* SearchMoviesResponseModel.swift */ = {isa = PBXFileReference; lastKnownFileType = sourcecode.swift; path = SearchMoviesResponseModel.swift; sourceTree = "<group>"; };
		1AB30B062BC8310900AC7215 /* WatchTVUITests-Bridging-Header.h */ = {isa = PBXFileReference; lastKnownFileType = sourcecode.c.h; path = "WatchTVUITests-Bridging-Header.h"; sourceTree = "<group>"; };
		1AB30B072BC8310A00AC7215 /* TodayTrendingPageUITests.swift */ = {isa = PBXFileReference; lastKnownFileType = sourcecode.swift; path = TodayTrendingPageUITests.swift; sourceTree = "<group>"; };
		1AB30B092BC8388D00AC7215 /* Toast.swift */ = {isa = PBXFileReference; lastKnownFileType = sourcecode.swift; path = Toast.swift; sourceTree = "<group>"; };
		1AB30B0B2BC8407B00AC7215 /* UIColor+Hex.swift */ = {isa = PBXFileReference; lastKnownFileType = sourcecode.swift; path = "UIColor+Hex.swift"; sourceTree = "<group>"; };
		1AB30B0D2BC8E42200AC7215 /* NetworkManagerTests.swift */ = {isa = PBXFileReference; lastKnownFileType = sourcecode.swift; path = NetworkManagerTests.swift; sourceTree = "<group>"; };
		1AB30B0F2BC8E48800AC7215 /* MockURLSession.swift */ = {isa = PBXFileReference; lastKnownFileType = sourcecode.swift; path = MockURLSession.swift; sourceTree = "<group>"; };
		1AB30B112BC8E4A000AC7215 /* MockURLSessionDataTask.swift */ = {isa = PBXFileReference; lastKnownFileType = sourcecode.swift; path = MockURLSessionDataTask.swift; sourceTree = "<group>"; };
		1AB30B142BC8E76F00AC7215 /* today_trending_data.json */ = {isa = PBXFileReference; fileEncoding = 4; lastKnownFileType = text.json; path = today_trending_data.json; sourceTree = "<group>"; };
		1AB30B162BC8E8C800AC7215 /* JSONHelpers.swift */ = {isa = PBXFileReference; lastKnownFileType = sourcecode.swift; path = JSONHelpers.swift; sourceTree = "<group>"; };
		1AB30B192BC8FD5500AC7215 /* search_movies_data.json */ = {isa = PBXFileReference; fileEncoding = 4; lastKnownFileType = text.json; path = search_movies_data.json; sourceTree = "<group>"; };
		1AB30B1A2BC8FD5500AC7215 /* movie_detail_978592.json */ = {isa = PBXFileReference; fileEncoding = 4; lastKnownFileType = text.json; path = movie_detail_978592.json; sourceTree = "<group>"; };
		3D114A2728FB3EF6ABF70C3A /* Pods-WatchTV.release.xcconfig */ = {isa = PBXFileReference; includeInIndex = 1; lastKnownFileType = text.xcconfig; name = "Pods-WatchTV.release.xcconfig"; path = "Target Support Files/Pods-WatchTV/Pods-WatchTV.release.xcconfig"; sourceTree = "<group>"; };
		5C5E429B285479663D85C29D /* Pods_WatchTV_WatchTVUITests.framework */ = {isa = PBXFileReference; explicitFileType = wrapper.framework; includeInIndex = 0; path = Pods_WatchTV_WatchTVUITests.framework; sourceTree = BUILT_PRODUCTS_DIR; };
		9683BBD3179D1A34E42EB861 /* Pods-WatchTVTests.debug.xcconfig */ = {isa = PBXFileReference; includeInIndex = 1; lastKnownFileType = text.xcconfig; name = "Pods-WatchTVTests.debug.xcconfig"; path = "Target Support Files/Pods-WatchTVTests/Pods-WatchTVTests.debug.xcconfig"; sourceTree = "<group>"; };
		A1AAE03C391765B7439DFEEF /* Pods-WatchTV-WatchTVUITests.release.xcconfig */ = {isa = PBXFileReference; includeInIndex = 1; lastKnownFileType = text.xcconfig; name = "Pods-WatchTV-WatchTVUITests.release.xcconfig"; path = "Target Support Files/Pods-WatchTV-WatchTVUITests/Pods-WatchTV-WatchTVUITests.release.xcconfig"; sourceTree = "<group>"; };
		BA7AAE6B960F505902A98382 /* Pods_WatchTV.framework */ = {isa = PBXFileReference; explicitFileType = wrapper.framework; includeInIndex = 0; path = Pods_WatchTV.framework; sourceTree = BUILT_PRODUCTS_DIR; };
		C212AA60600C071224500CEF /* Pods-WatchTV.debug.xcconfig */ = {isa = PBXFileReference; includeInIndex = 1; lastKnownFileType = text.xcconfig; name = "Pods-WatchTV.debug.xcconfig"; path = "Target Support Files/Pods-WatchTV/Pods-WatchTV.debug.xcconfig"; sourceTree = "<group>"; };
		CCD8AC85A00056FD9E0F567B /* Pods-WatchTVTests.release.xcconfig */ = {isa = PBXFileReference; includeInIndex = 1; lastKnownFileType = text.xcconfig; name = "Pods-WatchTVTests.release.xcconfig"; path = "Target Support Files/Pods-WatchTVTests/Pods-WatchTVTests.release.xcconfig"; sourceTree = "<group>"; };
/* End PBXFileReference section */

/* Begin PBXFrameworksBuildPhase section */
		1AB30A812BC63B7A00AC7215 /* Frameworks */ = {
			isa = PBXFrameworksBuildPhase;
			buildActionMask = 2147483647;
			files = (
				809CBE9D787D2D8FBFB678B9 /* Pods_WatchTV.framework in Frameworks */,
			);
			runOnlyForDeploymentPostprocessing = 0;
		};
		1AB30A962BC63B7C00AC7215 /* Frameworks */ = {
			isa = PBXFrameworksBuildPhase;
			buildActionMask = 2147483647;
			files = (
				CA4D24CBF6170CDE4756B2A6 /* Pods_WatchTVTests.framework in Frameworks */,
			);
			runOnlyForDeploymentPostprocessing = 0;
		};
		1AB30AA02BC63B7C00AC7215 /* Frameworks */ = {
			isa = PBXFrameworksBuildPhase;
			buildActionMask = 2147483647;
			files = (
				3916C1C76AFAFD4EAC4C93B0 /* Pods_WatchTV_WatchTVUITests.framework in Frameworks */,
			);
			runOnlyForDeploymentPostprocessing = 0;
		};
/* End PBXFrameworksBuildPhase section */

/* Begin PBXGroup section */
		1AB30A7B2BC63B7A00AC7215 = {
			isa = PBXGroup;
			children = (
				1AB30A862BC63B7A00AC7215 /* WatchTV */,
				1AB30A9C2BC63B7C00AC7215 /* WatchTVTests */,
				1AB30AA62BC63B7C00AC7215 /* WatchTVUITests */,
				1AB30A852BC63B7A00AC7215 /* Products */,
				838A68C3D1EA27EA06A63D71 /* Pods */,
				460F4259837CABB7C764F59E /* Frameworks */,
			);
			sourceTree = "<group>";
		};
		1AB30A852BC63B7A00AC7215 /* Products */ = {
			isa = PBXGroup;
			children = (
				1AB30A842BC63B7A00AC7215 /* WatchTV.app */,
				1AB30A992BC63B7C00AC7215 /* WatchTVTests.xctest */,
				1AB30AA32BC63B7C00AC7215 /* WatchTVUITests.xctest */,
			);
			name = Products;
			sourceTree = "<group>";
		};
		1AB30A862BC63B7A00AC7215 /* WatchTV */ = {
			isa = PBXGroup;
			children = (
				1AB30AB82BC63E7600AC7215 /* Common */,
				1AB30AC32BC63FD100AC7215 /* Models */,
				1AB30AD02BC6486400AC7215 /* MovieDetail */,
				1AB30AD12BC6488200AC7215 /* MovieList */,
				1AB30AEF2BC653F600AC7215 /* TodayTrending */,
				1AB30AB62BC63C0B00AC7215 /* Launch */,
				1AB30AB72BC63E5A00AC7215 /* Resources */,
				1AB30A8D2BC63B7C00AC7215 /* Preview Content */,
			);
			path = WatchTV;
			sourceTree = "<group>";
		};
		1AB30A8D2BC63B7C00AC7215 /* Preview Content */ = {
			isa = PBXGroup;
			children = (
				1AB30A8E2BC63B7C00AC7215 /* Preview Assets.xcassets */,
			);
			path = "Preview Content";
			sourceTree = "<group>";
		};
		1AB30A9C2BC63B7C00AC7215 /* WatchTVTests */ = {
			isa = PBXGroup;
			children = (
				1AB30B132BC8E6A900AC7215 /* MockData */,
				1AB30AFE2BC6A0E200AC7215 /* Mock */,
				1AB30B0D2BC8E42200AC7215 /* NetworkManagerTests.swift */,
			);
			path = WatchTVTests;
			sourceTree = "<group>";
		};
		1AB30AA62BC63B7C00AC7215 /* WatchTVUITests */ = {
			isa = PBXGroup;
			children = (
				1AB30B072BC8310A00AC7215 /* TodayTrendingPageUITests.swift */,
				1AB30B062BC8310900AC7215 /* WatchTVUITests-Bridging-Header.h */,
			);
			path = WatchTVUITests;
			sourceTree = "<group>";
		};
		1AB30AB62BC63C0B00AC7215 /* Launch */ = {
			isa = PBXGroup;
			children = (
				1AB30A872BC63B7A00AC7215 /* WatchTVApp.swift */,
				1AB30A892BC63B7A00AC7215 /* ContentView.swift */,
				1AB30A902BC63B7C00AC7215 /* Persistence.swift */,
			);
			name = Launch;
			sourceTree = "<group>";
		};
		1AB30AB72BC63E5A00AC7215 /* Resources */ = {
			isa = PBXGroup;
			children = (
				1AB30A8B2BC63B7C00AC7215 /* Assets.xcassets */,
				1AB30A922BC63B7C00AC7215 /* WatchTV.xcdatamodeld */,
			);
			path = Resources;
			sourceTree = "<group>";
		};
		1AB30AB82BC63E7600AC7215 /* Common */ = {
			isa = PBXGroup;
			children = (
				1AB30ABE2BC63F2A00AC7215 /* CoreData */,
				1AB30AB92BC63E7F00AC7215 /* SystemExtensions */,
				1AB30ACA2BC6426800AC7215 /* Networking */,
			);
			path = Common;
			sourceTree = "<group>";
		};
		1AB30AB92BC63E7F00AC7215 /* SystemExtensions */ = {
			isa = PBXGroup;
			children = (
				1AB30ABA2BC63EA400AC7215 /* UIFont+Helper.swift */,
				1AB30ABC2BC63ED400AC7215 /* ImageHelper.swift */,
				1AB30B092BC8388D00AC7215 /* Toast.swift */,
				1AB30B0B2BC8407B00AC7215 /* UIColor+Hex.swift */,
			);
			path = SystemExtensions;
			sourceTree = "<group>";
		};
		1AB30ABE2BC63F2A00AC7215 /* CoreData */ = {
			isa = PBXGroup;
			children = (
				1AB30AF62BC6836800AC7215 /* MovieDetailMOHandler.swift */,
				1AB30AC12BC63F6100AC7215 /* TodayTrendingMOHandler.swift */,
				1AB30AF82BC684E900AC7215 /* SearchMovieListMOHandler.swift */,
			);
			path = CoreData;
			sourceTree = "<group>";
		};
		1AB30AC32BC63FD100AC7215 /* Models */ = {
			isa = PBXGroup;
			children = (
				1AB30AC42BC63FEE00AC7215 /* MovieItemModel.swift */,
				1AB30AC62BC6400F00AC7215 /* TodayTrendingReponseModel.swift */,
				1AB30ACD2BC6460600AC7215 /* MovieDetailModel.swift */,
				1AB30B042BC7DB8800AC7215 /* SearchMoviesResponseModel.swift */,
			);
			path = Models;
			sourceTree = "<group>";
		};
		1AB30ACA2BC6426800AC7215 /* Networking */ = {
			isa = PBXGroup;
			children = (
				1AB30AC82BC6426400AC7215 /* NetworkManager.swift */,
				1AB30AFA2BC69E7400AC7215 /* NetworkPathMonitor.swift */,
				1AB30AFC2BC6A05F00AC7215 /* NetworkPathMonitorProtocol.swift */,
			);
			path = Networking;
			sourceTree = "<group>";
		};
		1AB30AD02BC6486400AC7215 /* MovieDetail */ = {
			isa = PBXGroup;
			children = (
				1AB30B012BC6ABD900AC7215 /* Protocol */,
				1AB30ADC2BC649DB00AC7215 /* ViewModel */,
				1AB30AD92BC6497E00AC7215 /* ViewController */,
				1AB30AD22BC6489000AC7215 /* View */,
			);
			path = MovieDetail;
			sourceTree = "<group>";
		};
		1AB30AD12BC6488200AC7215 /* MovieList */ = {
			isa = PBXGroup;
			children = (
				1AB30AE82BC64CF200AC7215 /* Protocol */,
				1AB30AE12BC64ACE00AC7215 /* ViewController */,
				1AB30ADF2BC64AC100AC7215 /* View */,
			);
			path = MovieList;
			sourceTree = "<group>";
		};
		1AB30AD22BC6489000AC7215 /* View */ = {
			isa = PBXGroup;
			children = (
				1AB30AD32BC648B200AC7215 /* MovieDetailTopView.swift */,
				1AB30AD52BC648E800AC7215 /* MovieDetailColumnView.swift */,
				1AB30AD72BC648F600AC7215 /* MovieDetailOverview.swift */,
			);
			path = View;
			sourceTree = "<group>";
		};
		1AB30AD92BC6497E00AC7215 /* ViewController */ = {
			isa = PBXGroup;
			children = (
				1AB30ADA2BC649A100AC7215 /* MovieDetailViewController.swift */,
			);
			path = ViewController;
			sourceTree = "<group>";
		};
		1AB30ADC2BC649DB00AC7215 /* ViewModel */ = {
			isa = PBXGroup;
			children = (
				1AB30ADD2BC649F000AC7215 /* MovieDetailViewModel.swift */,
			);
			path = ViewModel;
			sourceTree = "<group>";
		};
		1AB30ADF2BC64AC100AC7215 /* View */ = {
			isa = PBXGroup;
			children = (
				1AB30AE22BC64BEC00AC7215 /* MovieTableViewCell.swift */,
				1AB30AE42BC64C5000AC7215 /* MovieInfoView.swift */,
				1AB30AE62BC64C9000AC7215 /* MovieInfoColumnView.swift */,
			);
			path = View;
			sourceTree = "<group>";
		};
		1AB30AE12BC64ACE00AC7215 /* ViewController */ = {
			isa = PBXGroup;
			children = (
				1AB30AED2BC64D8700AC7215 /* MovieListViewController.swift */,
			);
			path = ViewController;
			sourceTree = "<group>";
		};
		1AB30AE82BC64CF200AC7215 /* Protocol */ = {
			isa = PBXGroup;
			children = (
				1AB30AE92BC64D1300AC7215 /* MovieListViewModelProtocol.swift */,
				1AB30AEB2BC64D5A00AC7215 /* MovieListViewControllerProtocol.swift */,
			);
			path = Protocol;
			sourceTree = "<group>";
		};
		1AB30AEF2BC653F600AC7215 /* TodayTrending */ = {
			isa = PBXGroup;
			children = (
				1AB30AF12BC6541900AC7215 /* ViewModel */,
				1AB30AF02BC6540D00AC7215 /* ViewController */,
			);
			path = TodayTrending;
			sourceTree = "<group>";
		};
		1AB30AF02BC6540D00AC7215 /* ViewController */ = {
			isa = PBXGroup;
			children = (
				1AB30AF22BC6543C00AC7215 /* TodayTrendingViewController.swift */,
			);
			path = ViewController;
			sourceTree = "<group>";
		};
		1AB30AF12BC6541900AC7215 /* ViewModel */ = {
			isa = PBXGroup;
			children = (
				1AB30AF42BC6547300AC7215 /* TodayTrendingViewModel.swift */,
			);
			path = ViewModel;
			sourceTree = "<group>";
		};
		1AB30AFE2BC6A0E200AC7215 /* Mock */ = {
			isa = PBXGroup;
			children = (
				1AB30AFF2BC6A0F600AC7215 /* MockNetworkPathMonitor.swift */,
				1AB30B0F2BC8E48800AC7215 /* MockURLSession.swift */,
				1AB30B112BC8E4A000AC7215 /* MockURLSessionDataTask.swift */,
			);
			path = Mock;
			sourceTree = "<group>";
		};
		1AB30B012BC6ABD900AC7215 /* Protocol */ = {
			isa = PBXGroup;
			children = (
				1AB30B022BC6ABF000AC7215 /* MovieDetailViewControllerProtocol.swift */,
			);
			path = Protocol;
			sourceTree = "<group>";
		};
		1AB30B132BC8E6A900AC7215 /* MockData */ = {
			isa = PBXGroup;
			children = (
				1AB30B1A2BC8FD5500AC7215 /* movie_detail_978592.json */,
				1AB30B192BC8FD5500AC7215 /* search_movies_data.json */,
				1AB30B142BC8E76F00AC7215 /* today_trending_data.json */,
				1AB30B162BC8E8C800AC7215 /* JSONHelpers.swift */,
			);
			path = MockData;
			sourceTree = "<group>";
		};
		460F4259837CABB7C764F59E /* Frameworks */ = {
			isa = PBXGroup;
			children = (
				BA7AAE6B960F505902A98382 /* Pods_WatchTV.framework */,
				5C5E429B285479663D85C29D /* Pods_WatchTV_WatchTVUITests.framework */,
				128834C6C6D624C949B99CE1 /* Pods_WatchTVTests.framework */,
			);
			name = Frameworks;
			sourceTree = "<group>";
		};
		838A68C3D1EA27EA06A63D71 /* Pods */ = {
			isa = PBXGroup;
			children = (
				C212AA60600C071224500CEF /* Pods-WatchTV.debug.xcconfig */,
				3D114A2728FB3EF6ABF70C3A /* Pods-WatchTV.release.xcconfig */,
				0A7873B95376D2BD64D1BEFD /* Pods-WatchTV-WatchTVUITests.debug.xcconfig */,
				A1AAE03C391765B7439DFEEF /* Pods-WatchTV-WatchTVUITests.release.xcconfig */,
				9683BBD3179D1A34E42EB861 /* Pods-WatchTVTests.debug.xcconfig */,
				CCD8AC85A00056FD9E0F567B /* Pods-WatchTVTests.release.xcconfig */,
			);
			path = Pods;
			sourceTree = "<group>";
		};
/* End PBXGroup section */

/* Begin PBXNativeTarget section */
		1AB30A832BC63B7A00AC7215 /* WatchTV */ = {
			isa = PBXNativeTarget;
			buildConfigurationList = 1AB30AAD2BC63B7C00AC7215 /* Build configuration list for PBXNativeTarget "WatchTV" */;
			buildPhases = (
				364C7ECEDE6A3F7BCF49725C /* [CP] Check Pods Manifest.lock */,
				1AB30A802BC63B7A00AC7215 /* Sources */,
				1AB30A812BC63B7A00AC7215 /* Frameworks */,
				1AB30A822BC63B7A00AC7215 /* Resources */,
				10B73E5B301E80704A8ADEA7 /* [CP] Embed Pods Frameworks */,
			);
			buildRules = (
			);
			dependencies = (
			);
			name = WatchTV;
			productName = WatchTV;
			productReference = 1AB30A842BC63B7A00AC7215 /* WatchTV.app */;
			productType = "com.apple.product-type.application";
		};
		1AB30A982BC63B7C00AC7215 /* WatchTVTests */ = {
			isa = PBXNativeTarget;
			buildConfigurationList = 1AB30AB02BC63B7C00AC7215 /* Build configuration list for PBXNativeTarget "WatchTVTests" */;
			buildPhases = (
				2B122BF3211E2A50F336D3ED /* [CP] Check Pods Manifest.lock */,
				1AB30A952BC63B7C00AC7215 /* Sources */,
				1AB30A962BC63B7C00AC7215 /* Frameworks */,
				1AB30A972BC63B7C00AC7215 /* Resources */,
			);
			buildRules = (
			);
			dependencies = (
				1AB30A9B2BC63B7C00AC7215 /* PBXTargetDependency */,
			);
			name = WatchTVTests;
			productName = WatchTVTests;
			productReference = 1AB30A992BC63B7C00AC7215 /* WatchTVTests.xctest */;
			productType = "com.apple.product-type.bundle.unit-test";
		};
		1AB30AA22BC63B7C00AC7215 /* WatchTVUITests */ = {
			isa = PBXNativeTarget;
			buildConfigurationList = 1AB30AB32BC63B7C00AC7215 /* Build configuration list for PBXNativeTarget "WatchTVUITests" */;
			buildPhases = (
				5DBA86FB748511FCF3334523 /* [CP] Check Pods Manifest.lock */,
				1AB30A9F2BC63B7C00AC7215 /* Sources */,
				1AB30AA02BC63B7C00AC7215 /* Frameworks */,
				1AB30AA12BC63B7C00AC7215 /* Resources */,
				D7D08686F0D8AD9EF376A9F5 /* [CP] Embed Pods Frameworks */,
			);
			buildRules = (
			);
			dependencies = (
				1AB30AA52BC63B7C00AC7215 /* PBXTargetDependency */,
			);
			name = WatchTVUITests;
			productName = WatchTVUITests;
			productReference = 1AB30AA32BC63B7C00AC7215 /* WatchTVUITests.xctest */;
			productType = "com.apple.product-type.bundle.ui-testing";
		};
/* End PBXNativeTarget section */

/* Begin PBXProject section */
		1AB30A7C2BC63B7A00AC7215 /* Project object */ = {
			isa = PBXProject;
			attributes = {
				BuildIndependentTargetsInParallel = 1;
				LastSwiftUpdateCheck = 1530;
				LastUpgradeCheck = 1530;
				TargetAttributes = {
					1AB30A832BC63B7A00AC7215 = {
						CreatedOnToolsVersion = 15.3;
					};
					1AB30A982BC63B7C00AC7215 = {
						CreatedOnToolsVersion = 15.3;
						TestTargetID = 1AB30A832BC63B7A00AC7215;
					};
					1AB30AA22BC63B7C00AC7215 = {
						CreatedOnToolsVersion = 15.3;
						LastSwiftMigration = 1530;
						TestTargetID = 1AB30A832BC63B7A00AC7215;
					};
				};
			};
			buildConfigurationList = 1AB30A7F2BC63B7A00AC7215 /* Build configuration list for PBXProject "WatchTV" */;
			compatibilityVersion = "Xcode 14.0";
			developmentRegion = en;
			hasScannedForEncodings = 0;
			knownRegions = (
				en,
				Base,
			);
			mainGroup = 1AB30A7B2BC63B7A00AC7215;
			productRefGroup = 1AB30A852BC63B7A00AC7215 /* Products */;
			projectDirPath = "";
			projectRoot = "";
			targets = (
				1AB30A832BC63B7A00AC7215 /* WatchTV */,
				1AB30A982BC63B7C00AC7215 /* WatchTVTests */,
				1AB30AA22BC63B7C00AC7215 /* WatchTVUITests */,
			);
		};
/* End PBXProject section */

/* Begin PBXResourcesBuildPhase section */
		1AB30A822BC63B7A00AC7215 /* Resources */ = {
			isa = PBXResourcesBuildPhase;
			buildActionMask = 2147483647;
			files = (
				1AB30A8F2BC63B7C00AC7215 /* Preview Assets.xcassets in Resources */,
				1AB30A8C2BC63B7C00AC7215 /* Assets.xcassets in Resources */,
				1AB30B182BC8F1AC00AC7215 /* today_trending_data.json in Resources */,
			);
			runOnlyForDeploymentPostprocessing = 0;
		};
		1AB30A972BC63B7C00AC7215 /* Resources */ = {
			isa = PBXResourcesBuildPhase;
			buildActionMask = 2147483647;
			files = (
				1AB30B1B2BC8FD5500AC7215 /* search_movies_data.json in Resources */,
				1AB30B1C2BC8FD5500AC7215 /* movie_detail_978592.json in Resources */,
				1AB30B152BC8E76F00AC7215 /* today_trending_data.json in Resources */,
			);
			runOnlyForDeploymentPostprocessing = 0;
		};
		1AB30AA12BC63B7C00AC7215 /* Resources */ = {
			isa = PBXResourcesBuildPhase;
			buildActionMask = 2147483647;
			files = (
			);
			runOnlyForDeploymentPostprocessing = 0;
		};
/* End PBXResourcesBuildPhase section */

/* Begin PBXShellScriptBuildPhase section */
		10B73E5B301E80704A8ADEA7 /* [CP] Embed Pods Frameworks */ = {
			isa = PBXShellScriptBuildPhase;
			buildActionMask = 2147483647;
			files = (
			);
			inputFileListPaths = (
				"${PODS_ROOT}/Target Support Files/Pods-WatchTV/Pods-WatchTV-frameworks-${CONFIGURATION}-input-files.xcfilelist",
			);
			name = "[CP] Embed Pods Frameworks";
			outputFileListPaths = (
				"${PODS_ROOT}/Target Support Files/Pods-WatchTV/Pods-WatchTV-frameworks-${CONFIGURATION}-output-files.xcfilelist",
			);
			runOnlyForDeploymentPostprocessing = 0;
			shellPath = /bin/sh;
			shellScript = "\"${PODS_ROOT}/Target Support Files/Pods-WatchTV/Pods-WatchTV-frameworks.sh\"\n";
			showEnvVarsInLog = 0;
		};
		2B122BF3211E2A50F336D3ED /* [CP] Check Pods Manifest.lock */ = {
			isa = PBXShellScriptBuildPhase;
			buildActionMask = 2147483647;
			files = (
			);
			inputFileListPaths = (
			);
			inputPaths = (
				"${PODS_PODFILE_DIR_PATH}/Podfile.lock",
				"${PODS_ROOT}/Manifest.lock",
			);
			name = "[CP] Check Pods Manifest.lock";
			outputFileListPaths = (
			);
			outputPaths = (
				"$(DERIVED_FILE_DIR)/Pods-WatchTVTests-checkManifestLockResult.txt",
			);
			runOnlyForDeploymentPostprocessing = 0;
			shellPath = /bin/sh;
			shellScript = "diff \"${PODS_PODFILE_DIR_PATH}/Podfile.lock\" \"${PODS_ROOT}/Manifest.lock\" > /dev/null\nif [ $? != 0 ] ; then\n    # print error to STDERR\n    echo \"error: The sandbox is not in sync with the Podfile.lock. Run 'pod install' or update your CocoaPods installation.\" >&2\n    exit 1\nfi\n# This output is used by Xcode 'outputs' to avoid re-running this script phase.\necho \"SUCCESS\" > \"${SCRIPT_OUTPUT_FILE_0}\"\n";
			showEnvVarsInLog = 0;
		};
		364C7ECEDE6A3F7BCF49725C /* [CP] Check Pods Manifest.lock */ = {
			isa = PBXShellScriptBuildPhase;
			buildActionMask = 2147483647;
			files = (
			);
			inputFileListPaths = (
			);
			inputPaths = (
				"${PODS_PODFILE_DIR_PATH}/Podfile.lock",
				"${PODS_ROOT}/Manifest.lock",
			);
			name = "[CP] Check Pods Manifest.lock";
			outputFileListPaths = (
			);
			outputPaths = (
				"$(DERIVED_FILE_DIR)/Pods-WatchTV-checkManifestLockResult.txt",
			);
			runOnlyForDeploymentPostprocessing = 0;
			shellPath = /bin/sh;
			shellScript = "diff \"${PODS_PODFILE_DIR_PATH}/Podfile.lock\" \"${PODS_ROOT}/Manifest.lock\" > /dev/null\nif [ $? != 0 ] ; then\n    # print error to STDERR\n    echo \"error: The sandbox is not in sync with the Podfile.lock. Run 'pod install' or update your CocoaPods installation.\" >&2\n    exit 1\nfi\n# This output is used by Xcode 'outputs' to avoid re-running this script phase.\necho \"SUCCESS\" > \"${SCRIPT_OUTPUT_FILE_0}\"\n";
			showEnvVarsInLog = 0;
		};
		5DBA86FB748511FCF3334523 /* [CP] Check Pods Manifest.lock */ = {
			isa = PBXShellScriptBuildPhase;
			buildActionMask = 2147483647;
			files = (
			);
			inputFileListPaths = (
			);
			inputPaths = (
				"${PODS_PODFILE_DIR_PATH}/Podfile.lock",
				"${PODS_ROOT}/Manifest.lock",
			);
			name = "[CP] Check Pods Manifest.lock";
			outputFileListPaths = (
			);
			outputPaths = (
				"$(DERIVED_FILE_DIR)/Pods-WatchTV-WatchTVUITests-checkManifestLockResult.txt",
			);
			runOnlyForDeploymentPostprocessing = 0;
			shellPath = /bin/sh;
			shellScript = "diff \"${PODS_PODFILE_DIR_PATH}/Podfile.lock\" \"${PODS_ROOT}/Manifest.lock\" > /dev/null\nif [ $? != 0 ] ; then\n    # print error to STDERR\n    echo \"error: The sandbox is not in sync with the Podfile.lock. Run 'pod install' or update your CocoaPods installation.\" >&2\n    exit 1\nfi\n# This output is used by Xcode 'outputs' to avoid re-running this script phase.\necho \"SUCCESS\" > \"${SCRIPT_OUTPUT_FILE_0}\"\n";
			showEnvVarsInLog = 0;
		};
		D7D08686F0D8AD9EF376A9F5 /* [CP] Embed Pods Frameworks */ = {
			isa = PBXShellScriptBuildPhase;
			buildActionMask = 2147483647;
			files = (
			);
			inputFileListPaths = (
				"${PODS_ROOT}/Target Support Files/Pods-WatchTV-WatchTVUITests/Pods-WatchTV-WatchTVUITests-frameworks-${CONFIGURATION}-input-files.xcfilelist",
			);
			name = "[CP] Embed Pods Frameworks";
			outputFileListPaths = (
				"${PODS_ROOT}/Target Support Files/Pods-WatchTV-WatchTVUITests/Pods-WatchTV-WatchTVUITests-frameworks-${CONFIGURATION}-output-files.xcfilelist",
			);
			runOnlyForDeploymentPostprocessing = 0;
			shellPath = /bin/sh;
			shellScript = "\"${PODS_ROOT}/Target Support Files/Pods-WatchTV-WatchTVUITests/Pods-WatchTV-WatchTVUITests-frameworks.sh\"\n";
			showEnvVarsInLog = 0;
		};
/* End PBXShellScriptBuildPhase section */

/* Begin PBXSourcesBuildPhase section */
		1AB30A802BC63B7A00AC7215 /* Sources */ = {
			isa = PBXSourcesBuildPhase;
			buildActionMask = 2147483647;
			files = (
				1AB30AEA2BC64D1300AC7215 /* MovieListViewModelProtocol.swift in Sources */,
				1AB30AEE2BC64D8700AC7215 /* MovieListViewController.swift in Sources */,
				1AB30A912BC63B7C00AC7215 /* Persistence.swift in Sources */,
				1AB30ACE2BC6460600AC7215 /* MovieDetailModel.swift in Sources */,
				1AB30AE32BC64BEC00AC7215 /* MovieTableViewCell.swift in Sources */,
				1AB30AFB2BC69E7400AC7215 /* NetworkPathMonitor.swift in Sources */,
				1AB30ADE2BC649F000AC7215 /* MovieDetailViewModel.swift in Sources */,
				1AB30AC72BC6400F00AC7215 /* TodayTrendingReponseModel.swift in Sources */,
				1AB30AE72BC64C9000AC7215 /* MovieInfoColumnView.swift in Sources */,
				1AB30AF52BC6547300AC7215 /* TodayTrendingViewModel.swift in Sources */,
				1AB30ABB2BC63EA400AC7215 /* UIFont+Helper.swift in Sources */,
				1AB30AD62BC648E800AC7215 /* MovieDetailColumnView.swift in Sources */,
				1AB30B032BC6ABF000AC7215 /* MovieDetailViewControllerProtocol.swift in Sources */,
				1AB30B052BC7DB8800AC7215 /* SearchMoviesResponseModel.swift in Sources */,
				1AB30AEC2BC64D5A00AC7215 /* MovieListViewControllerProtocol.swift in Sources */,
				1AB30AD82BC648F600AC7215 /* MovieDetailOverview.swift in Sources */,
				1AB30AF32BC6543C00AC7215 /* TodayTrendingViewController.swift in Sources */,
				1AB30AC92BC6426400AC7215 /* NetworkManager.swift in Sources */,
				1AB30A942BC63B7C00AC7215 /* WatchTV.xcdatamodeld in Sources */,
				1AB30A8A2BC63B7A00AC7215 /* ContentView.swift in Sources */,
				1AB30AD42BC648B200AC7215 /* MovieDetailTopView.swift in Sources */,
				1AB30AC52BC63FEE00AC7215 /* MovieItemModel.swift in Sources */,
				1AB30ADB2BC649A100AC7215 /* MovieDetailViewController.swift in Sources */,
				1AB30AF72BC6836800AC7215 /* MovieDetailMOHandler.swift in Sources */,
				1AB30B0A2BC8388D00AC7215 /* Toast.swift in Sources */,
				1AB30B0C2BC8407B00AC7215 /* UIColor+Hex.swift in Sources */,
				1AB30AC22BC63F6100AC7215 /* TodayTrendingMOHandler.swift in Sources */,
				1AB30A882BC63B7A00AC7215 /* WatchTVApp.swift in Sources */,
				1AB30AFD2BC6A05F00AC7215 /* NetworkPathMonitorProtocol.swift in Sources */,
				1AB30ABD2BC63ED400AC7215 /* ImageHelper.swift in Sources */,
				1AB30AE52BC64C5000AC7215 /* MovieInfoView.swift in Sources */,
				1AB30AF92BC684E900AC7215 /* SearchMovieListMOHandler.swift in Sources */,
			);
			runOnlyForDeploymentPostprocessing = 0;
		};
		1AB30A952BC63B7C00AC7215 /* Sources */ = {
			isa = PBXSourcesBuildPhase;
			buildActionMask = 2147483647;
			files = (
				1AB30B172BC8E8C800AC7215 /* JSONHelpers.swift in Sources */,
				1AB30B102BC8E48800AC7215 /* MockURLSession.swift in Sources */,
				1AB30B122BC8E4A000AC7215 /* MockURLSessionDataTask.swift in Sources */,
				1AB30B0E2BC8E42200AC7215 /* NetworkManagerTests.swift in Sources */,
				1AB30B002BC6A0F600AC7215 /* MockNetworkPathMonitor.swift in Sources */,
			);
			runOnlyForDeploymentPostprocessing = 0;
		};
		1AB30A9F2BC63B7C00AC7215 /* Sources */ = {
			isa = PBXSourcesBuildPhase;
			buildActionMask = 2147483647;
			files = (
				1AB30B082BC8310A00AC7215 /* TodayTrendingPageUITests.swift in Sources */,
			);
			runOnlyForDeploymentPostprocessing = 0;
		};
/* End PBXSourcesBuildPhase section */

/* Begin PBXTargetDependency section */
		1AB30A9B2BC63B7C00AC7215 /* PBXTargetDependency */ = {
			isa = PBXTargetDependency;
			target = 1AB30A832BC63B7A00AC7215 /* WatchTV */;
			targetProxy = 1AB30A9A2BC63B7C00AC7215 /* PBXContainerItemProxy */;
		};
		1AB30AA52BC63B7C00AC7215 /* PBXTargetDependency */ = {
			isa = PBXTargetDependency;
			target = 1AB30A832BC63B7A00AC7215 /* WatchTV */;
			targetProxy = 1AB30AA42BC63B7C00AC7215 /* PBXContainerItemProxy */;
		};
/* End PBXTargetDependency section */

/* Begin XCBuildConfiguration section */
		1AB30AAB2BC63B7C00AC7215 /* Debug */ = {
			isa = XCBuildConfiguration;
			buildSettings = {
				ALWAYS_SEARCH_USER_PATHS = NO;
				ASSETCATALOG_COMPILER_GENERATE_SWIFT_ASSET_SYMBOL_EXTENSIONS = YES;
				CLANG_ANALYZER_NONNULL = YES;
				CLANG_ANALYZER_NUMBER_OBJECT_CONVERSION = YES_AGGRESSIVE;
				CLANG_CXX_LANGUAGE_STANDARD = "gnu++20";
				CLANG_ENABLE_MODULES = YES;
				CLANG_ENABLE_OBJC_ARC = YES;
				CLANG_ENABLE_OBJC_WEAK = YES;
				CLANG_WARN_BLOCK_CAPTURE_AUTORELEASING = YES;
				CLANG_WARN_BOOL_CONVERSION = YES;
				CLANG_WARN_COMMA = YES;
				CLANG_WARN_CONSTANT_CONVERSION = YES;
				CLANG_WARN_DEPRECATED_OBJC_IMPLEMENTATIONS = YES;
				CLANG_WARN_DIRECT_OBJC_ISA_USAGE = YES_ERROR;
				CLANG_WARN_DOCUMENTATION_COMMENTS = YES;
				CLANG_WARN_EMPTY_BODY = YES;
				CLANG_WARN_ENUM_CONVERSION = YES;
				CLANG_WARN_INFINITE_RECURSION = YES;
				CLANG_WARN_INT_CONVERSION = YES;
				CLANG_WARN_NON_LITERAL_NULL_CONVERSION = YES;
				CLANG_WARN_OBJC_IMPLICIT_RETAIN_SELF = YES;
				CLANG_WARN_OBJC_LITERAL_CONVERSION = YES;
				CLANG_WARN_OBJC_ROOT_CLASS = YES_ERROR;
				CLANG_WARN_QUOTED_INCLUDE_IN_FRAMEWORK_HEADER = YES;
				CLANG_WARN_RANGE_LOOP_ANALYSIS = YES;
				CLANG_WARN_STRICT_PROTOTYPES = YES;
				CLANG_WARN_SUSPICIOUS_MOVE = YES;
				CLANG_WARN_UNGUARDED_AVAILABILITY = YES_AGGRESSIVE;
				CLANG_WARN_UNREACHABLE_CODE = YES;
				CLANG_WARN__DUPLICATE_METHOD_MATCH = YES;
				COPY_PHASE_STRIP = NO;
				DEBUG_INFORMATION_FORMAT = dwarf;
				ENABLE_STRICT_OBJC_MSGSEND = YES;
				ENABLE_TESTABILITY = YES;
				ENABLE_USER_SCRIPT_SANDBOXING = YES;
				GCC_C_LANGUAGE_STANDARD = gnu17;
				GCC_DYNAMIC_NO_PIC = NO;
				GCC_NO_COMMON_BLOCKS = YES;
				GCC_OPTIMIZATION_LEVEL = 0;
				GCC_PREPROCESSOR_DEFINITIONS = (
					"DEBUG=1",
					"$(inherited)",
				);
				GCC_WARN_64_TO_32_BIT_CONVERSION = YES;
				GCC_WARN_ABOUT_RETURN_TYPE = YES_ERROR;
				GCC_WARN_UNDECLARED_SELECTOR = YES;
				GCC_WARN_UNINITIALIZED_AUTOS = YES_AGGRESSIVE;
				GCC_WARN_UNUSED_FUNCTION = YES;
				GCC_WARN_UNUSED_VARIABLE = YES;
				IPHONEOS_DEPLOYMENT_TARGET = 17.4;
				LOCALIZATION_PREFERS_STRING_CATALOGS = YES;
				MTL_ENABLE_DEBUG_INFO = INCLUDE_SOURCE;
				MTL_FAST_MATH = YES;
				ONLY_ACTIVE_ARCH = YES;
				SDKROOT = iphoneos;
				SWIFT_ACTIVE_COMPILATION_CONDITIONS = "DEBUG $(inherited)";
				SWIFT_OPTIMIZATION_LEVEL = "-Onone";
			};
			name = Debug;
		};
		1AB30AAC2BC63B7C00AC7215 /* Release */ = {
			isa = XCBuildConfiguration;
			buildSettings = {
				ALWAYS_SEARCH_USER_PATHS = NO;
				ASSETCATALOG_COMPILER_GENERATE_SWIFT_ASSET_SYMBOL_EXTENSIONS = YES;
				CLANG_ANALYZER_NONNULL = YES;
				CLANG_ANALYZER_NUMBER_OBJECT_CONVERSION = YES_AGGRESSIVE;
				CLANG_CXX_LANGUAGE_STANDARD = "gnu++20";
				CLANG_ENABLE_MODULES = YES;
				CLANG_ENABLE_OBJC_ARC = YES;
				CLANG_ENABLE_OBJC_WEAK = YES;
				CLANG_WARN_BLOCK_CAPTURE_AUTORELEASING = YES;
				CLANG_WARN_BOOL_CONVERSION = YES;
				CLANG_WARN_COMMA = YES;
				CLANG_WARN_CONSTANT_CONVERSION = YES;
				CLANG_WARN_DEPRECATED_OBJC_IMPLEMENTATIONS = YES;
				CLANG_WARN_DIRECT_OBJC_ISA_USAGE = YES_ERROR;
				CLANG_WARN_DOCUMENTATION_COMMENTS = YES;
				CLANG_WARN_EMPTY_BODY = YES;
				CLANG_WARN_ENUM_CONVERSION = YES;
				CLANG_WARN_INFINITE_RECURSION = YES;
				CLANG_WARN_INT_CONVERSION = YES;
				CLANG_WARN_NON_LITERAL_NULL_CONVERSION = YES;
				CLANG_WARN_OBJC_IMPLICIT_RETAIN_SELF = YES;
				CLANG_WARN_OBJC_LITERAL_CONVERSION = YES;
				CLANG_WARN_OBJC_ROOT_CLASS = YES_ERROR;
				CLANG_WARN_QUOTED_INCLUDE_IN_FRAMEWORK_HEADER = YES;
				CLANG_WARN_RANGE_LOOP_ANALYSIS = YES;
				CLANG_WARN_STRICT_PROTOTYPES = YES;
				CLANG_WARN_SUSPICIOUS_MOVE = YES;
				CLANG_WARN_UNGUARDED_AVAILABILITY = YES_AGGRESSIVE;
				CLANG_WARN_UNREACHABLE_CODE = YES;
				CLANG_WARN__DUPLICATE_METHOD_MATCH = YES;
				COPY_PHASE_STRIP = NO;
				DEBUG_INFORMATION_FORMAT = "dwarf-with-dsym";
				ENABLE_NS_ASSERTIONS = NO;
				ENABLE_STRICT_OBJC_MSGSEND = YES;
				ENABLE_USER_SCRIPT_SANDBOXING = YES;
				GCC_C_LANGUAGE_STANDARD = gnu17;
				GCC_NO_COMMON_BLOCKS = YES;
				GCC_WARN_64_TO_32_BIT_CONVERSION = YES;
				GCC_WARN_ABOUT_RETURN_TYPE = YES_ERROR;
				GCC_WARN_UNDECLARED_SELECTOR = YES;
				GCC_WARN_UNINITIALIZED_AUTOS = YES_AGGRESSIVE;
				GCC_WARN_UNUSED_FUNCTION = YES;
				GCC_WARN_UNUSED_VARIABLE = YES;
				IPHONEOS_DEPLOYMENT_TARGET = 17.4;
				LOCALIZATION_PREFERS_STRING_CATALOGS = YES;
				MTL_ENABLE_DEBUG_INFO = NO;
				MTL_FAST_MATH = YES;
				SDKROOT = iphoneos;
				SWIFT_COMPILATION_MODE = wholemodule;
				VALIDATE_PRODUCT = YES;
			};
			name = Release;
		};
		1AB30AAE2BC63B7C00AC7215 /* Debug */ = {
			isa = XCBuildConfiguration;
			baseConfigurationReference = C212AA60600C071224500CEF /* Pods-WatchTV.debug.xcconfig */;
			buildSettings = {
				ASSETCATALOG_COMPILER_APPICON_NAME = AppIcon;
				ASSETCATALOG_COMPILER_GLOBAL_ACCENT_COLOR_NAME = AccentColor;
				CODE_SIGN_STYLE = Automatic;
				CURRENT_PROJECT_VERSION = 1;
				DEVELOPMENT_ASSET_PATHS = "\"WatchTV/Preview Content\"";
				ENABLE_PREVIEWS = YES;
				ENABLE_USER_SCRIPT_SANDBOXING = NO;
				GENERATE_INFOPLIST_FILE = YES;
				INFOPLIST_KEY_UIApplicationSceneManifest_Generation = YES;
				INFOPLIST_KEY_UIApplicationSupportsIndirectInputEvents = YES;
				INFOPLIST_KEY_UILaunchScreen_Generation = YES;
				INFOPLIST_KEY_UISupportedInterfaceOrientations_iPad = "UIInterfaceOrientationPortrait UIInterfaceOrientationPortraitUpsideDown UIInterfaceOrientationLandscapeLeft UIInterfaceOrientationLandscapeRight";
				INFOPLIST_KEY_UISupportedInterfaceOrientations_iPhone = "UIInterfaceOrientationPortrait UIInterfaceOrientationLandscapeLeft UIInterfaceOrientationLandscapeRight";
				LD_RUNPATH_SEARCH_PATHS = (
					"$(inherited)",
					"@executable_path/Frameworks",
				);
				MARKETING_VERSION = 1.0;
				PRODUCT_BUNDLE_IDENTIFIER = net.tienpham.WatchTV;
				PRODUCT_NAME = "$(TARGET_NAME)";
				SWIFT_EMIT_LOC_STRINGS = YES;
				SWIFT_VERSION = 5.0;
				TARGETED_DEVICE_FAMILY = "1,2";
			};
			name = Debug;
		};
		1AB30AAF2BC63B7C00AC7215 /* Release */ = {
			isa = XCBuildConfiguration;
			baseConfigurationReference = 3D114A2728FB3EF6ABF70C3A /* Pods-WatchTV.release.xcconfig */;
			buildSettings = {
				ASSETCATALOG_COMPILER_APPICON_NAME = AppIcon;
				ASSETCATALOG_COMPILER_GLOBAL_ACCENT_COLOR_NAME = AccentColor;
				CODE_SIGN_STYLE = Automatic;
				CURRENT_PROJECT_VERSION = 1;
				DEVELOPMENT_ASSET_PATHS = "\"WatchTV/Preview Content\"";
				ENABLE_PREVIEWS = YES;
				ENABLE_USER_SCRIPT_SANDBOXING = NO;
				GENERATE_INFOPLIST_FILE = YES;
				INFOPLIST_KEY_UIApplicationSceneManifest_Generation = YES;
				INFOPLIST_KEY_UIApplicationSupportsIndirectInputEvents = YES;
				INFOPLIST_KEY_UILaunchScreen_Generation = YES;
				INFOPLIST_KEY_UISupportedInterfaceOrientations_iPad = "UIInterfaceOrientationPortrait UIInterfaceOrientationPortraitUpsideDown UIInterfaceOrientationLandscapeLeft UIInterfaceOrientationLandscapeRight";
				INFOPLIST_KEY_UISupportedInterfaceOrientations_iPhone = "UIInterfaceOrientationPortrait UIInterfaceOrientationLandscapeLeft UIInterfaceOrientationLandscapeRight";
				LD_RUNPATH_SEARCH_PATHS = (
					"$(inherited)",
					"@executable_path/Frameworks",
				);
				MARKETING_VERSION = 1.0;
				PRODUCT_BUNDLE_IDENTIFIER = net.tienpham.WatchTV;
				PRODUCT_NAME = "$(TARGET_NAME)";
				SWIFT_EMIT_LOC_STRINGS = YES;
				SWIFT_VERSION = 5.0;
				TARGETED_DEVICE_FAMILY = "1,2";
			};
			name = Release;
		};
		1AB30AB12BC63B7C00AC7215 /* Debug */ = {
			isa = XCBuildConfiguration;
			baseConfigurationReference = 9683BBD3179D1A34E42EB861 /* Pods-WatchTVTests.debug.xcconfig */;
			buildSettings = {
				ALWAYS_EMBED_SWIFT_STANDARD_LIBRARIES = YES;
				BUNDLE_LOADER = "$(TEST_HOST)";
				CODE_SIGN_STYLE = Automatic;
				CURRENT_PROJECT_VERSION = 1;
				ENABLE_USER_SCRIPT_SANDBOXING = NO;
				GENERATE_INFOPLIST_FILE = YES;
				IPHONEOS_DEPLOYMENT_TARGET = 17.4;
				MARKETING_VERSION = 1.0;
				PRODUCT_BUNDLE_IDENTIFIER = net.tienpham.WatchTVTests;
				PRODUCT_NAME = "$(TARGET_NAME)";
				SWIFT_EMIT_LOC_STRINGS = NO;
				SWIFT_VERSION = 5.0;
				TARGETED_DEVICE_FAMILY = "1,2";
				TEST_HOST = "$(BUILT_PRODUCTS_DIR)/WatchTV.app/$(BUNDLE_EXECUTABLE_FOLDER_PATH)/WatchTV";
			};
			name = Debug;
		};
		1AB30AB22BC63B7C00AC7215 /* Release */ = {
			isa = XCBuildConfiguration;
			baseConfigurationReference = CCD8AC85A00056FD9E0F567B /* Pods-WatchTVTests.release.xcconfig */;
			buildSettings = {
				ALWAYS_EMBED_SWIFT_STANDARD_LIBRARIES = YES;
				BUNDLE_LOADER = "$(TEST_HOST)";
				CODE_SIGN_STYLE = Automatic;
				CURRENT_PROJECT_VERSION = 1;
				ENABLE_USER_SCRIPT_SANDBOXING = NO;
				GENERATE_INFOPLIST_FILE = YES;
				IPHONEOS_DEPLOYMENT_TARGET = 17.4;
				MARKETING_VERSION = 1.0;
				PRODUCT_BUNDLE_IDENTIFIER = net.tienpham.WatchTVTests;
				PRODUCT_NAME = "$(TARGET_NAME)";
				SWIFT_EMIT_LOC_STRINGS = NO;
				SWIFT_VERSION = 5.0;
				TARGETED_DEVICE_FAMILY = "1,2";
				TEST_HOST = "$(BUILT_PRODUCTS_DIR)/WatchTV.app/$(BUNDLE_EXECUTABLE_FOLDER_PATH)/WatchTV";
			};
			name = Release;
		};
		1AB30AB42BC63B7C00AC7215 /* Debug */ = {
			isa = XCBuildConfiguration;
			baseConfigurationReference = 0A7873B95376D2BD64D1BEFD /* Pods-WatchTV-WatchTVUITests.debug.xcconfig */;
			buildSettings = {
				ALWAYS_EMBED_SWIFT_STANDARD_LIBRARIES = YES;
				CLANG_ENABLE_MODULES = YES;
				CODE_SIGN_STYLE = Automatic;
				CURRENT_PROJECT_VERSION = 1;
				ENABLE_USER_SCRIPT_SANDBOXING = NO;
				GENERATE_INFOPLIST_FILE = YES;
				MARKETING_VERSION = 1.0;
				PRODUCT_BUNDLE_IDENTIFIER = net.tienpham.WatchTVUITests;
				PRODUCT_NAME = "$(TARGET_NAME)";
				SWIFT_EMIT_LOC_STRINGS = NO;
				SWIFT_OBJC_BRIDGING_HEADER = "WatchTVUITests/WatchTVUITests-Bridging-Header.h";
				SWIFT_OPTIMIZATION_LEVEL = "-Onone";
				SWIFT_VERSION = 5.0;
				TARGETED_DEVICE_FAMILY = "1,2";
				TEST_TARGET_NAME = WatchTV;
			};
			name = Debug;
		};
		1AB30AB52BC63B7C00AC7215 /* Release */ = {
			isa = XCBuildConfiguration;
			baseConfigurationReference = A1AAE03C391765B7439DFEEF /* Pods-WatchTV-WatchTVUITests.release.xcconfig */;
			buildSettings = {
				ALWAYS_EMBED_SWIFT_STANDARD_LIBRARIES = YES;
				CLANG_ENABLE_MODULES = YES;
				CODE_SIGN_STYLE = Automatic;
				CURRENT_PROJECT_VERSION = 1;
				ENABLE_USER_SCRIPT_SANDBOXING = NO;
				GENERATE_INFOPLIST_FILE = YES;
				MARKETING_VERSION = 1.0;
				PRODUCT_BUNDLE_IDENTIFIER = net.tienpham.WatchTVUITests;
				PRODUCT_NAME = "$(TARGET_NAME)";
				SWIFT_EMIT_LOC_STRINGS = NO;
				SWIFT_OBJC_BRIDGING_HEADER = "WatchTVUITests/WatchTVUITests-Bridging-Header.h";
				SWIFT_VERSION = 5.0;
				TARGETED_DEVICE_FAMILY = "1,2";
				TEST_TARGET_NAME = WatchTV;
			};
			name = Release;
		};
/* End XCBuildConfiguration section */

/* Begin XCConfigurationList section */
		1AB30A7F2BC63B7A00AC7215 /* Build configuration list for PBXProject "WatchTV" */ = {
			isa = XCConfigurationList;
			buildConfigurations = (
				1AB30AAB2BC63B7C00AC7215 /* Debug */,
				1AB30AAC2BC63B7C00AC7215 /* Release */,
			);
			defaultConfigurationIsVisible = 0;
			defaultConfigurationName = Release;
		};
		1AB30AAD2BC63B7C00AC7215 /* Build configuration list for PBXNativeTarget "WatchTV" */ = {
			isa = XCConfigurationList;
			buildConfigurations = (
				1AB30AAE2BC63B7C00AC7215 /* Debug */,
				1AB30AAF2BC63B7C00AC7215 /* Release */,
			);
			defaultConfigurationIsVisible = 0;
			defaultConfigurationName = Release;
		};
		1AB30AB02BC63B7C00AC7215 /* Build configuration list for PBXNativeTarget "WatchTVTests" */ = {
			isa = XCConfigurationList;
			buildConfigurations = (
				1AB30AB12BC63B7C00AC7215 /* Debug */,
				1AB30AB22BC63B7C00AC7215 /* Release */,
			);
			defaultConfigurationIsVisible = 0;
			defaultConfigurationName = Release;
		};
		1AB30AB32BC63B7C00AC7215 /* Build configuration list for PBXNativeTarget "WatchTVUITests" */ = {
			isa = XCConfigurationList;
			buildConfigurations = (
				1AB30AB42BC63B7C00AC7215 /* Debug */,
				1AB30AB52BC63B7C00AC7215 /* Release */,
			);
			defaultConfigurationIsVisible = 0;
			defaultConfigurationName = Release;
		};
/* End XCConfigurationList section */

/* Begin XCVersionGroup section */
		1AB30A922BC63B7C00AC7215 /* WatchTV.xcdatamodeld */ = {
			isa = XCVersionGroup;
			children = (
				1AB30A932BC63B7C00AC7215 /* WatchTV.xcdatamodel */,
			);
			currentVersion = 1AB30A932BC63B7C00AC7215 /* WatchTV.xcdatamodel */;
			path = WatchTV.xcdatamodeld;
			sourceTree = "<group>";
			versionGroupType = wrapper.xcdatamodel;
		};
/* End XCVersionGroup section */
	};
	rootObject = 1AB30A7C2BC63B7A00AC7215 /* Project object */;
}
