// !$*UTF8*$!
{
	archiveVersion = 1;
	classes = {
	};
	objectVersion = 56;
	objects = {

/* Begin PBXBuildFile section */
		056281443F61129659E3CBC8 /* Pods_WatchTVTests.framework in Frameworks */ = {isa = PBXBuildFile; fileRef = 89911C7B1D63DE842574BB04 /* Pods_WatchTVTests.framework */; };
		1A728FBA2BC632B600897DE6 /* AppDelegate.swift in Sources */ = {isa = PBXBuildFile; fileRef = 1A728FB92BC632B600897DE6 /* AppDelegate.swift */; };
		1A728FBC2BC632B600897DE6 /* SceneDelegate.swift in Sources */ = {isa = PBXBuildFile; fileRef = 1A728FBB2BC632B600897DE6 /* SceneDelegate.swift */; };
		1A728FBE2BC632B600897DE6 /* ViewController.swift in Sources */ = {isa = PBXBuildFile; fileRef = 1A728FBD2BC632B600897DE6 /* ViewController.swift */; };
		1A728FC12BC632B600897DE6 /* Base in Resources */ = {isa = PBXBuildFile; fileRef = 1A728FC02BC632B600897DE6 /* Base */; };
		1A728FC42BC632B600897DE6 /* WatchTV.xcdatamodeld in Sources */ = {isa = PBXBuildFile; fileRef = 1A728FC22BC632B600897DE6 /* WatchTV.xcdatamodeld */; };
		1A728FC62BC632B800897DE6 /* Assets.xcassets in Resources */ = {isa = PBXBuildFile; fileRef = 1A728FC52BC632B800897DE6 /* Assets.xcassets */; };
		1A728FC92BC632B800897DE6 /* Base in Resources */ = {isa = PBXBuildFile; fileRef = 1A728FC82BC632B800897DE6 /* Base */; };
		1A728FD42BC632B900897DE6 /* WatchTVTests.swift in Sources */ = {isa = PBXBuildFile; fileRef = 1A728FD32BC632B900897DE6 /* WatchTVTests.swift */; };
		1A728FDE2BC632B900897DE6 /* WatchTVUITests.swift in Sources */ = {isa = PBXBuildFile; fileRef = 1A728FDD2BC632B900897DE6 /* WatchTVUITests.swift */; };
		1A728FE02BC632B900897DE6 /* WatchTVUITestsLaunchTests.swift in Sources */ = {isa = PBXBuildFile; fileRef = 1A728FDF2BC632B900897DE6 /* WatchTVUITestsLaunchTests.swift */; };
		9A62CCD7B2E8561CF6C0C871 /* Pods_WatchTV.framework in Frameworks */ = {isa = PBXBuildFile; fileRef = 3B13FE8FA2C4B7384D2DFE10 /* Pods_WatchTV.framework */; };
		DF43B2EB14B3C353C7EEDB3B /* Pods_WatchTV_WatchTVUITests.framework in Frameworks */ = {isa = PBXBuildFile; fileRef = ED23554254ABAC55CC5A3D9A /* Pods_WatchTV_WatchTVUITests.framework */; };
/* End PBXBuildFile section */

/* Begin PBXContainerItemProxy section */
		1A728FD02BC632B800897DE6 /* PBXContainerItemProxy */ = {
			isa = PBXContainerItemProxy;
			containerPortal = 1A728FAE2BC632B600897DE6 /* Project object */;
			proxyType = 1;
			remoteGlobalIDString = 1A728FB52BC632B600897DE6;
			remoteInfo = WatchTV;
		};
		1A728FDA2BC632B900897DE6 /* PBXContainerItemProxy */ = {
			isa = PBXContainerItemProxy;
			containerPortal = 1A728FAE2BC632B600897DE6 /* Project object */;
			proxyType = 1;
			remoteGlobalIDString = 1A728FB52BC632B600897DE6;
			remoteInfo = WatchTV;
		};
/* End PBXContainerItemProxy section */

/* Begin PBXFileReference section */
		0B4C45A934890F52B6945A79 /* Pods-WatchTV-WatchTVUITests.release.xcconfig */ = {isa = PBXFileReference; includeInIndex = 1; lastKnownFileType = text.xcconfig; name = "Pods-WatchTV-WatchTVUITests.release.xcconfig"; path = "Target Support Files/Pods-WatchTV-WatchTVUITests/Pods-WatchTV-WatchTVUITests.release.xcconfig"; sourceTree = "<group>"; };
		1A728FB62BC632B600897DE6 /* WatchTV.app */ = {isa = PBXFileReference; explicitFileType = wrapper.application; includeInIndex = 0; path = WatchTV.app; sourceTree = BUILT_PRODUCTS_DIR; };
		1A728FB92BC632B600897DE6 /* AppDelegate.swift */ = {isa = PBXFileReference; lastKnownFileType = sourcecode.swift; path = AppDelegate.swift; sourceTree = "<group>"; };
		1A728FBB2BC632B600897DE6 /* SceneDelegate.swift */ = {isa = PBXFileReference; lastKnownFileType = sourcecode.swift; path = SceneDelegate.swift; sourceTree = "<group>"; };
		1A728FBD2BC632B600897DE6 /* ViewController.swift */ = {isa = PBXFileReference; lastKnownFileType = sourcecode.swift; path = ViewController.swift; sourceTree = "<group>"; };
		1A728FC02BC632B600897DE6 /* Base */ = {isa = PBXFileReference; lastKnownFileType = file.storyboard; name = Base; path = Base.lproj/Main.storyboard; sourceTree = "<group>"; };
		1A728FC32BC632B600897DE6 /* WatchTV.xcdatamodel */ = {isa = PBXFileReference; lastKnownFileType = wrapper.xcdatamodel; path = WatchTV.xcdatamodel; sourceTree = "<group>"; };
		1A728FC52BC632B800897DE6 /* Assets.xcassets */ = {isa = PBXFileReference; lastKnownFileType = folder.assetcatalog; path = Assets.xcassets; sourceTree = "<group>"; };
		1A728FC82BC632B800897DE6 /* Base */ = {isa = PBXFileReference; lastKnownFileType = file.storyboard; name = Base; path = Base.lproj/LaunchScreen.storyboard; sourceTree = "<group>"; };
		1A728FCA2BC632B800897DE6 /* Info.plist */ = {isa = PBXFileReference; lastKnownFileType = text.plist.xml; path = Info.plist; sourceTree = "<group>"; };
		1A728FCF2BC632B800897DE6 /* WatchTVTests.xctest */ = {isa = PBXFileReference; explicitFileType = wrapper.cfbundle; includeInIndex = 0; path = WatchTVTests.xctest; sourceTree = BUILT_PRODUCTS_DIR; };
		1A728FD32BC632B900897DE6 /* WatchTVTests.swift */ = {isa = PBXFileReference; lastKnownFileType = sourcecode.swift; path = WatchTVTests.swift; sourceTree = "<group>"; };
		1A728FD92BC632B900897DE6 /* WatchTVUITests.xctest */ = {isa = PBXFileReference; explicitFileType = wrapper.cfbundle; includeInIndex = 0; path = WatchTVUITests.xctest; sourceTree = BUILT_PRODUCTS_DIR; };
		1A728FDD2BC632B900897DE6 /* WatchTVUITests.swift */ = {isa = PBXFileReference; lastKnownFileType = sourcecode.swift; path = WatchTVUITests.swift; sourceTree = "<group>"; };
		1A728FDF2BC632B900897DE6 /* WatchTVUITestsLaunchTests.swift */ = {isa = PBXFileReference; lastKnownFileType = sourcecode.swift; path = WatchTVUITestsLaunchTests.swift; sourceTree = "<group>"; };
		25FC2900CCDB9C16D2573CD8 /* Pods-WatchTV-WatchTVUITests.debug.xcconfig */ = {isa = PBXFileReference; includeInIndex = 1; lastKnownFileType = text.xcconfig; name = "Pods-WatchTV-WatchTVUITests.debug.xcconfig"; path = "Target Support Files/Pods-WatchTV-WatchTVUITests/Pods-WatchTV-WatchTVUITests.debug.xcconfig"; sourceTree = "<group>"; };
		3B13FE8FA2C4B7384D2DFE10 /* Pods_WatchTV.framework */ = {isa = PBXFileReference; explicitFileType = wrapper.framework; includeInIndex = 0; path = Pods_WatchTV.framework; sourceTree = BUILT_PRODUCTS_DIR; };
		6D20E183FC9445BD3D2E341E /* Pods-WatchTVTests.release.xcconfig */ = {isa = PBXFileReference; includeInIndex = 1; lastKnownFileType = text.xcconfig; name = "Pods-WatchTVTests.release.xcconfig"; path = "Target Support Files/Pods-WatchTVTests/Pods-WatchTVTests.release.xcconfig"; sourceTree = "<group>"; };
		89911C7B1D63DE842574BB04 /* Pods_WatchTVTests.framework */ = {isa = PBXFileReference; explicitFileType = wrapper.framework; includeInIndex = 0; path = Pods_WatchTVTests.framework; sourceTree = BUILT_PRODUCTS_DIR; };
		929F22BFF9D4241345B65453 /* Pods-WatchTVTests.debug.xcconfig */ = {isa = PBXFileReference; includeInIndex = 1; lastKnownFileType = text.xcconfig; name = "Pods-WatchTVTests.debug.xcconfig"; path = "Target Support Files/Pods-WatchTVTests/Pods-WatchTVTests.debug.xcconfig"; sourceTree = "<group>"; };
		9F0F7AF6416EB6080CA09195 /* Pods-WatchTV.release.xcconfig */ = {isa = PBXFileReference; includeInIndex = 1; lastKnownFileType = text.xcconfig; name = "Pods-WatchTV.release.xcconfig"; path = "Target Support Files/Pods-WatchTV/Pods-WatchTV.release.xcconfig"; sourceTree = "<group>"; };
		D661ADA7FB74D7DA87FEDF78 /* Pods-WatchTV.debug.xcconfig */ = {isa = PBXFileReference; includeInIndex = 1; lastKnownFileType = text.xcconfig; name = "Pods-WatchTV.debug.xcconfig"; path = "Target Support Files/Pods-WatchTV/Pods-WatchTV.debug.xcconfig"; sourceTree = "<group>"; };
		ED23554254ABAC55CC5A3D9A /* Pods_WatchTV_WatchTVUITests.framework */ = {isa = PBXFileReference; explicitFileType = wrapper.framework; includeInIndex = 0; path = Pods_WatchTV_WatchTVUITests.framework; sourceTree = BUILT_PRODUCTS_DIR; };
/* End PBXFileReference section */

/* Begin PBXFrameworksBuildPhase section */
		1A728FB32BC632B600897DE6 /* Frameworks */ = {
			isa = PBXFrameworksBuildPhase;
			buildActionMask = 2147483647;
			files = (
				9A62CCD7B2E8561CF6C0C871 /* Pods_WatchTV.framework in Frameworks */,
			);
			runOnlyForDeploymentPostprocessing = 0;
		};
		1A728FCC2BC632B800897DE6 /* Frameworks */ = {
			isa = PBXFrameworksBuildPhase;
			buildActionMask = 2147483647;
			files = (
				056281443F61129659E3CBC8 /* Pods_WatchTVTests.framework in Frameworks */,
			);
			runOnlyForDeploymentPostprocessing = 0;
		};
		1A728FD62BC632B900897DE6 /* Frameworks */ = {
			isa = PBXFrameworksBuildPhase;
			buildActionMask = 2147483647;
			files = (
				DF43B2EB14B3C353C7EEDB3B /* Pods_WatchTV_WatchTVUITests.framework in Frameworks */,
			);
			runOnlyForDeploymentPostprocessing = 0;
		};
/* End PBXFrameworksBuildPhase section */

/* Begin PBXGroup section */
		0C26BCDF2D3A195AD82DC327 /* Frameworks */ = {
			isa = PBXGroup;
			children = (
				3B13FE8FA2C4B7384D2DFE10 /* Pods_WatchTV.framework */,
				ED23554254ABAC55CC5A3D9A /* Pods_WatchTV_WatchTVUITests.framework */,
				89911C7B1D63DE842574BB04 /* Pods_WatchTVTests.framework */,
			);
			name = Frameworks;
			sourceTree = "<group>";
		};
		1A728FAD2BC632B600897DE6 = {
			isa = PBXGroup;
			children = (
				1A728FB82BC632B600897DE6 /* WatchTV */,
				1A728FD22BC632B800897DE6 /* WatchTVTests */,
				1A728FDC2BC632B900897DE6 /* WatchTVUITests */,
				1A728FB72BC632B600897DE6 /* Products */,
				BA473A590AFAF0F68F2D3F7C /* Pods */,
				0C26BCDF2D3A195AD82DC327 /* Frameworks */,
			);
			sourceTree = "<group>";
		};
		1A728FB72BC632B600897DE6 /* Products */ = {
			isa = PBXGroup;
			children = (
				1A728FB62BC632B600897DE6 /* WatchTV.app */,
				1A728FCF2BC632B800897DE6 /* WatchTVTests.xctest */,
				1A728FD92BC632B900897DE6 /* WatchTVUITests.xctest */,
			);
			name = Products;
			sourceTree = "<group>";
		};
		1A728FB82BC632B600897DE6 /* WatchTV */ = {
			isa = PBXGroup;
			children = (
				1A728FB92BC632B600897DE6 /* AppDelegate.swift */,
				1A728FBB2BC632B600897DE6 /* SceneDelegate.swift */,
				1A728FBD2BC632B600897DE6 /* ViewController.swift */,
				1A728FBF2BC632B600897DE6 /* Main.storyboard */,
				1A728FC52BC632B800897DE6 /* Assets.xcassets */,
				1A728FC72BC632B800897DE6 /* LaunchScreen.storyboard */,
				1A728FCA2BC632B800897DE6 /* Info.plist */,
				1A728FC22BC632B600897DE6 /* WatchTV.xcdatamodeld */,
			);
			path = WatchTV;
			sourceTree = "<group>";
		};
		1A728FD22BC632B800897DE6 /* WatchTVTests */ = {
			isa = PBXGroup;
			children = (
				1A728FD32BC632B900897DE6 /* WatchTVTests.swift */,
			);
			path = WatchTVTests;
			sourceTree = "<group>";
		};
		1A728FDC2BC632B900897DE6 /* WatchTVUITests */ = {
			isa = PBXGroup;
			children = (
				1A728FDD2BC632B900897DE6 /* WatchTVUITests.swift */,
				1A728FDF2BC632B900897DE6 /* WatchTVUITestsLaunchTests.swift */,
			);
			path = WatchTVUITests;
			sourceTree = "<group>";
		};
		BA473A590AFAF0F68F2D3F7C /* Pods */ = {
			isa = PBXGroup;
			children = (
				D661ADA7FB74D7DA87FEDF78 /* Pods-WatchTV.debug.xcconfig */,
				9F0F7AF6416EB6080CA09195 /* Pods-WatchTV.release.xcconfig */,
				25FC2900CCDB9C16D2573CD8 /* Pods-WatchTV-WatchTVUITests.debug.xcconfig */,
				0B4C45A934890F52B6945A79 /* Pods-WatchTV-WatchTVUITests.release.xcconfig */,
				929F22BFF9D4241345B65453 /* Pods-WatchTVTests.debug.xcconfig */,
				6D20E183FC9445BD3D2E341E /* Pods-WatchTVTests.release.xcconfig */,
			);
			path = Pods;
			sourceTree = "<group>";
		};
/* End PBXGroup section */

/* Begin PBXNativeTarget section */
		1A728FB52BC632B600897DE6 /* WatchTV */ = {
			isa = PBXNativeTarget;
			buildConfigurationList = 1A728FE32BC632B900897DE6 /* Build configuration list for PBXNativeTarget "WatchTV" */;
			buildPhases = (
				0DF8EDDCE6D730CF68417D60 /* [CP] Check Pods Manifest.lock */,
				1A728FB22BC632B600897DE6 /* Sources */,
				1A728FB32BC632B600897DE6 /* Frameworks */,
				1A728FB42BC632B600897DE6 /* Resources */,
				FED8B65960ABAAFA410EDBB5 /* [CP] Embed Pods Frameworks */,
			);
			buildRules = (
			);
			dependencies = (
			);
			name = WatchTV;
			productName = WatchTV;
			productReference = 1A728FB62BC632B600897DE6 /* WatchTV.app */;
			productType = "com.apple.product-type.application";
		};
		1A728FCE2BC632B800897DE6 /* WatchTVTests */ = {
			isa = PBXNativeTarget;
			buildConfigurationList = 1A728FE62BC632B900897DE6 /* Build configuration list for PBXNativeTarget "WatchTVTests" */;
			buildPhases = (
				92949DEAE9C8A3EC9E156E77 /* [CP] Check Pods Manifest.lock */,
				1A728FCB2BC632B800897DE6 /* Sources */,
				1A728FCC2BC632B800897DE6 /* Frameworks */,
				1A728FCD2BC632B800897DE6 /* Resources */,
			);
			buildRules = (
			);
			dependencies = (
				1A728FD12BC632B800897DE6 /* PBXTargetDependency */,
			);
			name = WatchTVTests;
			productName = WatchTVTests;
			productReference = 1A728FCF2BC632B800897DE6 /* WatchTVTests.xctest */;
			productType = "com.apple.product-type.bundle.unit-test";
		};
		1A728FD82BC632B900897DE6 /* WatchTVUITests */ = {
			isa = PBXNativeTarget;
			buildConfigurationList = 1A728FE92BC632B900897DE6 /* Build configuration list for PBXNativeTarget "WatchTVUITests" */;
			buildPhases = (
				0868D6B21465E845C1C080C4 /* [CP] Check Pods Manifest.lock */,
				1A728FD52BC632B900897DE6 /* Sources */,
				1A728FD62BC632B900897DE6 /* Frameworks */,
				1A728FD72BC632B900897DE6 /* Resources */,
				678457E9873965C9E53A77B3 /* [CP] Embed Pods Frameworks */,
			);
			buildRules = (
			);
			dependencies = (
				1A728FDB2BC632B900897DE6 /* PBXTargetDependency */,
			);
			name = WatchTVUITests;
			productName = WatchTVUITests;
			productReference = 1A728FD92BC632B900897DE6 /* WatchTVUITests.xctest */;
			productType = "com.apple.product-type.bundle.ui-testing";
		};
/* End PBXNativeTarget section */

/* Begin PBXProject section */
		1A728FAE2BC632B600897DE6 /* Project object */ = {
			isa = PBXProject;
			attributes = {
				BuildIndependentTargetsInParallel = 1;
				LastSwiftUpdateCheck = 1530;
				LastUpgradeCheck = 1530;
				TargetAttributes = {
					1A728FB52BC632B600897DE6 = {
						CreatedOnToolsVersion = 15.3;
					};
					1A728FCE2BC632B800897DE6 = {
						CreatedOnToolsVersion = 15.3;
						TestTargetID = 1A728FB52BC632B600897DE6;
					};
					1A728FD82BC632B900897DE6 = {
						CreatedOnToolsVersion = 15.3;
						TestTargetID = 1A728FB52BC632B600897DE6;
					};
				};
			};
			buildConfigurationList = 1A728FB12BC632B600897DE6 /* Build configuration list for PBXProject "WatchTV" */;
			compatibilityVersion = "Xcode 14.0";
			developmentRegion = en;
			hasScannedForEncodings = 0;
			knownRegions = (
				en,
				Base,
			);
			mainGroup = 1A728FAD2BC632B600897DE6;
			productRefGroup = 1A728FB72BC632B600897DE6 /* Products */;
			projectDirPath = "";
			projectRoot = "";
			targets = (
				1A728FB52BC632B600897DE6 /* WatchTV */,
				1A728FCE2BC632B800897DE6 /* WatchTVTests */,
				1A728FD82BC632B900897DE6 /* WatchTVUITests */,
			);
		};
/* End PBXProject section */

/* Begin PBXResourcesBuildPhase section */
		1A728FB42BC632B600897DE6 /* Resources */ = {
			isa = PBXResourcesBuildPhase;
			buildActionMask = 2147483647;
			files = (
				1A728FC62BC632B800897DE6 /* Assets.xcassets in Resources */,
				1A728FC92BC632B800897DE6 /* Base in Resources */,
				1A728FC12BC632B600897DE6 /* Base in Resources */,
			);
			runOnlyForDeploymentPostprocessing = 0;
		};
		1A728FCD2BC632B800897DE6 /* Resources */ = {
			isa = PBXResourcesBuildPhase;
			buildActionMask = 2147483647;
			files = (
			);
			runOnlyForDeploymentPostprocessing = 0;
		};
		1A728FD72BC632B900897DE6 /* Resources */ = {
			isa = PBXResourcesBuildPhase;
			buildActionMask = 2147483647;
			files = (
			);
			runOnlyForDeploymentPostprocessing = 0;
		};
/* End PBXResourcesBuildPhase section */

/* Begin PBXShellScriptBuildPhase section */
		0868D6B21465E845C1C080C4 /* [CP] Check Pods Manifest.lock */ = {
			isa = PBXShellScriptBuildPhase;
			buildActionMask = 2147483647;
			files = (
			);
			inputFileListPaths = (
			);
			inputPaths = (
				"${PODS_PODFILE_DIR_PATH}/Podfile.lock",
				"${PODS_ROOT}/Manifest.lock",
			);
			name = "[CP] Check Pods Manifest.lock";
			outputFileListPaths = (
			);
			outputPaths = (
				"$(DERIVED_FILE_DIR)/Pods-WatchTV-WatchTVUITests-checkManifestLockResult.txt",
			);
			runOnlyForDeploymentPostprocessing = 0;
			shellPath = /bin/sh;
			shellScript = "diff \"${PODS_PODFILE_DIR_PATH}/Podfile.lock\" \"${PODS_ROOT}/Manifest.lock\" > /dev/null\nif [ $? != 0 ] ; then\n    # print error to STDERR\n    echo \"error: The sandbox is not in sync with the Podfile.lock. Run 'pod install' or update your CocoaPods installation.\" >&2\n    exit 1\nfi\n# This output is used by Xcode 'outputs' to avoid re-running this script phase.\necho \"SUCCESS\" > \"${SCRIPT_OUTPUT_FILE_0}\"\n";
			showEnvVarsInLog = 0;
		};
		0DF8EDDCE6D730CF68417D60 /* [CP] Check Pods Manifest.lock */ = {
			isa = PBXShellScriptBuildPhase;
			buildActionMask = 2147483647;
			files = (
			);
			inputFileListPaths = (
			);
			inputPaths = (
				"${PODS_PODFILE_DIR_PATH}/Podfile.lock",
				"${PODS_ROOT}/Manifest.lock",
			);
			name = "[CP] Check Pods Manifest.lock";
			outputFileListPaths = (
			);
			outputPaths = (
				"$(DERIVED_FILE_DIR)/Pods-WatchTV-checkManifestLockResult.txt",
			);
			runOnlyForDeploymentPostprocessing = 0;
			shellPath = /bin/sh;
			shellScript = "diff \"${PODS_PODFILE_DIR_PATH}/Podfile.lock\" \"${PODS_ROOT}/Manifest.lock\" > /dev/null\nif [ $? != 0 ] ; then\n    # print error to STDERR\n    echo \"error: The sandbox is not in sync with the Podfile.lock. Run 'pod install' or update your CocoaPods installation.\" >&2\n    exit 1\nfi\n# This output is used by Xcode 'outputs' to avoid re-running this script phase.\necho \"SUCCESS\" > \"${SCRIPT_OUTPUT_FILE_0}\"\n";
			showEnvVarsInLog = 0;
		};
		678457E9873965C9E53A77B3 /* [CP] Embed Pods Frameworks */ = {
			isa = PBXShellScriptBuildPhase;
			buildActionMask = 2147483647;
			files = (
			);
			inputFileListPaths = (
				"${PODS_ROOT}/Target Support Files/Pods-WatchTV-WatchTVUITests/Pods-WatchTV-WatchTVUITests-frameworks-${CONFIGURATION}-input-files.xcfilelist",
			);
			name = "[CP] Embed Pods Frameworks";
			outputFileListPaths = (
				"${PODS_ROOT}/Target Support Files/Pods-WatchTV-WatchTVUITests/Pods-WatchTV-WatchTVUITests-frameworks-${CONFIGURATION}-output-files.xcfilelist",
			);
			runOnlyForDeploymentPostprocessing = 0;
			shellPath = /bin/sh;
			shellScript = "\"${PODS_ROOT}/Target Support Files/Pods-WatchTV-WatchTVUITests/Pods-WatchTV-WatchTVUITests-frameworks.sh\"\n";
			showEnvVarsInLog = 0;
		};
		92949DEAE9C8A3EC9E156E77 /* [CP] Check Pods Manifest.lock */ = {
			isa = PBXShellScriptBuildPhase;
			buildActionMask = 2147483647;
			files = (
			);
			inputFileListPaths = (
			);
			inputPaths = (
				"${PODS_PODFILE_DIR_PATH}/Podfile.lock",
				"${PODS_ROOT}/Manifest.lock",
			);
			name = "[CP] Check Pods Manifest.lock";
			outputFileListPaths = (
			);
			outputPaths = (
				"$(DERIVED_FILE_DIR)/Pods-WatchTVTests-checkManifestLockResult.txt",
			);
			runOnlyForDeploymentPostprocessing = 0;
			shellPath = /bin/sh;
			shellScript = "diff \"${PODS_PODFILE_DIR_PATH}/Podfile.lock\" \"${PODS_ROOT}/Manifest.lock\" > /dev/null\nif [ $? != 0 ] ; then\n    # print error to STDERR\n    echo \"error: The sandbox is not in sync with the Podfile.lock. Run 'pod install' or update your CocoaPods installation.\" >&2\n    exit 1\nfi\n# This output is used by Xcode 'outputs' to avoid re-running this script phase.\necho \"SUCCESS\" > \"${SCRIPT_OUTPUT_FILE_0}\"\n";
			showEnvVarsInLog = 0;
		};
		FED8B65960ABAAFA410EDBB5 /* [CP] Embed Pods Frameworks */ = {
			isa = PBXShellScriptBuildPhase;
			buildActionMask = 2147483647;
			files = (
			);
			inputFileListPaths = (
				"${PODS_ROOT}/Target Support Files/Pods-WatchTV/Pods-WatchTV-frameworks-${CONFIGURATION}-input-files.xcfilelist",
			);
			name = "[CP] Embed Pods Frameworks";
			outputFileListPaths = (
				"${PODS_ROOT}/Target Support Files/Pods-WatchTV/Pods-WatchTV-frameworks-${CONFIGURATION}-output-files.xcfilelist",
			);
			runOnlyForDeploymentPostprocessing = 0;
			shellPath = /bin/sh;
			shellScript = "\"${PODS_ROOT}/Target Support Files/Pods-WatchTV/Pods-WatchTV-frameworks.sh\"\n";
			showEnvVarsInLog = 0;
		};
/* End PBXShellScriptBuildPhase section */

/* Begin PBXSourcesBuildPhase section */
		1A728FB22BC632B600897DE6 /* Sources */ = {
			isa = PBXSourcesBuildPhase;
			buildActionMask = 2147483647;
			files = (
				1A728FBE2BC632B600897DE6 /* ViewController.swift in Sources */,
				1A728FC42BC632B600897DE6 /* WatchTV.xcdatamodeld in Sources */,
				1A728FBA2BC632B600897DE6 /* AppDelegate.swift in Sources */,
				1A728FBC2BC632B600897DE6 /* SceneDelegate.swift in Sources */,
			);
			runOnlyForDeploymentPostprocessing = 0;
		};
		1A728FCB2BC632B800897DE6 /* Sources */ = {
			isa = PBXSourcesBuildPhase;
			buildActionMask = 2147483647;
			files = (
				1A728FD42BC632B900897DE6 /* WatchTVTests.swift in Sources */,
			);
			runOnlyForDeploymentPostprocessing = 0;
		};
		1A728FD52BC632B900897DE6 /* Sources */ = {
			isa = PBXSourcesBuildPhase;
			buildActionMask = 2147483647;
			files = (
				1A728FE02BC632B900897DE6 /* WatchTVUITestsLaunchTests.swift in Sources */,
				1A728FDE2BC632B900897DE6 /* WatchTVUITests.swift in Sources */,
			);
			runOnlyForDeploymentPostprocessing = 0;
		};
/* End PBXSourcesBuildPhase section */

/* Begin PBXTargetDependency section */
		1A728FD12BC632B800897DE6 /* PBXTargetDependency */ = {
			isa = PBXTargetDependency;
			target = 1A728FB52BC632B600897DE6 /* WatchTV */;
			targetProxy = 1A728FD02BC632B800897DE6 /* PBXContainerItemProxy */;
		};
		1A728FDB2BC632B900897DE6 /* PBXTargetDependency */ = {
			isa = PBXTargetDependency;
			target = 1A728FB52BC632B600897DE6 /* WatchTV */;
			targetProxy = 1A728FDA2BC632B900897DE6 /* PBXContainerItemProxy */;
		};
/* End PBXTargetDependency section */

/* Begin PBXVariantGroup section */
		1A728FBF2BC632B600897DE6 /* Main.storyboard */ = {
			isa = PBXVariantGroup;
			children = (
				1A728FC02BC632B600897DE6 /* Base */,
			);
			name = Main.storyboard;
			sourceTree = "<group>";
		};
		1A728FC72BC632B800897DE6 /* LaunchScreen.storyboard */ = {
			isa = PBXVariantGroup;
			children = (
				1A728FC82BC632B800897DE6 /* Base */,
			);
			name = LaunchScreen.storyboard;
			sourceTree = "<group>";
		};
/* End PBXVariantGroup section */

/* Begin XCBuildConfiguration section */
		1A728FE12BC632B900897DE6 /* Debug */ = {
			isa = XCBuildConfiguration;
			buildSettings = {
				ALWAYS_SEARCH_USER_PATHS = NO;
				ASSETCATALOG_COMPILER_GENERATE_SWIFT_ASSET_SYMBOL_EXTENSIONS = YES;
				CLANG_ANALYZER_NONNULL = YES;
				CLANG_ANALYZER_NUMBER_OBJECT_CONVERSION = YES_AGGRESSIVE;
				CLANG_CXX_LANGUAGE_STANDARD = "gnu++20";
				CLANG_ENABLE_MODULES = YES;
				CLANG_ENABLE_OBJC_ARC = YES;
				CLANG_ENABLE_OBJC_WEAK = YES;
				CLANG_WARN_BLOCK_CAPTURE_AUTORELEASING = YES;
				CLANG_WARN_BOOL_CONVERSION = YES;
				CLANG_WARN_COMMA = YES;
				CLANG_WARN_CONSTANT_CONVERSION = YES;
				CLANG_WARN_DEPRECATED_OBJC_IMPLEMENTATIONS = YES;
				CLANG_WARN_DIRECT_OBJC_ISA_USAGE = YES_ERROR;
				CLANG_WARN_DOCUMENTATION_COMMENTS = YES;
				CLANG_WARN_EMPTY_BODY = YES;
				CLANG_WARN_ENUM_CONVERSION = YES;
				CLANG_WARN_INFINITE_RECURSION = YES;
				CLANG_WARN_INT_CONVERSION = YES;
				CLANG_WARN_NON_LITERAL_NULL_CONVERSION = YES;
				CLANG_WARN_OBJC_IMPLICIT_RETAIN_SELF = YES;
				CLANG_WARN_OBJC_LITERAL_CONVERSION = YES;
				CLANG_WARN_OBJC_ROOT_CLASS = YES_ERROR;
				CLANG_WARN_QUOTED_INCLUDE_IN_FRAMEWORK_HEADER = YES;
				CLANG_WARN_RANGE_LOOP_ANALYSIS = YES;
				CLANG_WARN_STRICT_PROTOTYPES = YES;
				CLANG_WARN_SUSPICIOUS_MOVE = YES;
				CLANG_WARN_UNGUARDED_AVAILABILITY = YES_AGGRESSIVE;
				CLANG_WARN_UNREACHABLE_CODE = YES;
				CLANG_WARN__DUPLICATE_METHOD_MATCH = YES;
				COPY_PHASE_STRIP = NO;
				DEBUG_INFORMATION_FORMAT = dwarf;
				ENABLE_STRICT_OBJC_MSGSEND = YES;
				ENABLE_TESTABILITY = YES;
				ENABLE_USER_SCRIPT_SANDBOXING = YES;
				GCC_C_LANGUAGE_STANDARD = gnu17;
				GCC_DYNAMIC_NO_PIC = NO;
				GCC_NO_COMMON_BLOCKS = YES;
				GCC_OPTIMIZATION_LEVEL = 0;
				GCC_PREPROCESSOR_DEFINITIONS = (
					"DEBUG=1",
					"$(inherited)",
				);
				GCC_WARN_64_TO_32_BIT_CONVERSION = YES;
				GCC_WARN_ABOUT_RETURN_TYPE = YES_ERROR;
				GCC_WARN_UNDECLARED_SELECTOR = YES;
				GCC_WARN_UNINITIALIZED_AUTOS = YES_AGGRESSIVE;
				GCC_WARN_UNUSED_FUNCTION = YES;
				GCC_WARN_UNUSED_VARIABLE = YES;
				IPHONEOS_DEPLOYMENT_TARGET = 17.4;
				LOCALIZATION_PREFERS_STRING_CATALOGS = YES;
				MTL_ENABLE_DEBUG_INFO = INCLUDE_SOURCE;
				MTL_FAST_MATH = YES;
				ONLY_ACTIVE_ARCH = YES;
				SDKROOT = iphoneos;
				SWIFT_ACTIVE_COMPILATION_CONDITIONS = "DEBUG $(inherited)";
				SWIFT_OPTIMIZATION_LEVEL = "-Onone";
			};
			name = Debug;
		};
		1A728FE22BC632B900897DE6 /* Release */ = {
			isa = XCBuildConfiguration;
			buildSettings = {
				ALWAYS_SEARCH_USER_PATHS = NO;
				ASSETCATALOG_COMPILER_GENERATE_SWIFT_ASSET_SYMBOL_EXTENSIONS = YES;
				CLANG_ANALYZER_NONNULL = YES;
				CLANG_ANALYZER_NUMBER_OBJECT_CONVERSION = YES_AGGRESSIVE;
				CLANG_CXX_LANGUAGE_STANDARD = "gnu++20";
				CLANG_ENABLE_MODULES = YES;
				CLANG_ENABLE_OBJC_ARC = YES;
				CLANG_ENABLE_OBJC_WEAK = YES;
				CLANG_WARN_BLOCK_CAPTURE_AUTORELEASING = YES;
				CLANG_WARN_BOOL_CONVERSION = YES;
				CLANG_WARN_COMMA = YES;
				CLANG_WARN_CONSTANT_CONVERSION = YES;
				CLANG_WARN_DEPRECATED_OBJC_IMPLEMENTATIONS = YES;
				CLANG_WARN_DIRECT_OBJC_ISA_USAGE = YES_ERROR;
				CLANG_WARN_DOCUMENTATION_COMMENTS = YES;
				CLANG_WARN_EMPTY_BODY = YES;
				CLANG_WARN_ENUM_CONVERSION = YES;
				CLANG_WARN_INFINITE_RECURSION = YES;
				CLANG_WARN_INT_CONVERSION = YES;
				CLANG_WARN_NON_LITERAL_NULL_CONVERSION = YES;
				CLANG_WARN_OBJC_IMPLICIT_RETAIN_SELF = YES;
				CLANG_WARN_OBJC_LITERAL_CONVERSION = YES;
				CLANG_WARN_OBJC_ROOT_CLASS = YES_ERROR;
				CLANG_WARN_QUOTED_INCLUDE_IN_FRAMEWORK_HEADER = YES;
				CLANG_WARN_RANGE_LOOP_ANALYSIS = YES;
				CLANG_WARN_STRICT_PROTOTYPES = YES;
				CLANG_WARN_SUSPICIOUS_MOVE = YES;
				CLANG_WARN_UNGUARDED_AVAILABILITY = YES_AGGRESSIVE;
				CLANG_WARN_UNREACHABLE_CODE = YES;
				CLANG_WARN__DUPLICATE_METHOD_MATCH = YES;
				COPY_PHASE_STRIP = NO;
				DEBUG_INFORMATION_FORMAT = "dwarf-with-dsym";
				ENABLE_NS_ASSERTIONS = NO;
				ENABLE_STRICT_OBJC_MSGSEND = YES;
				ENABLE_USER_SCRIPT_SANDBOXING = YES;
				GCC_C_LANGUAGE_STANDARD = gnu17;
				GCC_NO_COMMON_BLOCKS = YES;
				GCC_WARN_64_TO_32_BIT_CONVERSION = YES;
				GCC_WARN_ABOUT_RETURN_TYPE = YES_ERROR;
				GCC_WARN_UNDECLARED_SELECTOR = YES;
				GCC_WARN_UNINITIALIZED_AUTOS = YES_AGGRESSIVE;
				GCC_WARN_UNUSED_FUNCTION = YES;
				GCC_WARN_UNUSED_VARIABLE = YES;
				IPHONEOS_DEPLOYMENT_TARGET = 17.4;
				LOCALIZATION_PREFERS_STRING_CATALOGS = YES;
				MTL_ENABLE_DEBUG_INFO = NO;
				MTL_FAST_MATH = YES;
				SDKROOT = iphoneos;
				SWIFT_COMPILATION_MODE = wholemodule;
				VALIDATE_PRODUCT = YES;
			};
			name = Release;
		};
		1A728FE42BC632B900897DE6 /* Debug */ = {
			isa = XCBuildConfiguration;
			baseConfigurationReference = D661ADA7FB74D7DA87FEDF78 /* Pods-WatchTV.debug.xcconfig */;
			buildSettings = {
				ASSETCATALOG_COMPILER_APPICON_NAME = AppIcon;
				ASSETCATALOG_COMPILER_GLOBAL_ACCENT_COLOR_NAME = "";
				CODE_SIGN_STYLE = Automatic;
				CURRENT_PROJECT_VERSION = 1;
				ENABLE_USER_SCRIPT_SANDBOXING = NO;
				GENERATE_INFOPLIST_FILE = YES;
				INFOPLIST_FILE = WatchTV/Info.plist;
				INFOPLIST_KEY_UIApplicationSupportsIndirectInputEvents = YES;
				INFOPLIST_KEY_UILaunchStoryboardName = LaunchScreen;
				INFOPLIST_KEY_UIMainStoryboardFile = Main;
				INFOPLIST_KEY_UISupportedInterfaceOrientations_iPad = "UIInterfaceOrientationPortrait UIInterfaceOrientationPortraitUpsideDown UIInterfaceOrientationLandscapeLeft UIInterfaceOrientationLandscapeRight";
				INFOPLIST_KEY_UISupportedInterfaceOrientations_iPhone = "UIInterfaceOrientationPortrait UIInterfaceOrientationLandscapeLeft UIInterfaceOrientationLandscapeRight";
				LD_RUNPATH_SEARCH_PATHS = (
					"$(inherited)",
					"@executable_path/Frameworks",
				);
				MARKETING_VERSION = 1.0;
				PRODUCT_BUNDLE_IDENTIFIER = net.tienpham.WatchTV;
				PRODUCT_NAME = "$(TARGET_NAME)";
				SWIFT_EMIT_LOC_STRINGS = YES;
				SWIFT_VERSION = 5.0;
				TARGETED_DEVICE_FAMILY = "1,2";
			};
			name = Debug;
		};
		1A728FE52BC632B900897DE6 /* Release */ = {
			isa = XCBuildConfiguration;
			baseConfigurationReference = 9F0F7AF6416EB6080CA09195 /* Pods-WatchTV.release.xcconfig */;
			buildSettings = {
				ASSETCATALOG_COMPILER_APPICON_NAME = AppIcon;
				ASSETCATALOG_COMPILER_GLOBAL_ACCENT_COLOR_NAME = "";
				CODE_SIGN_STYLE = Automatic;
				CURRENT_PROJECT_VERSION = 1;
				ENABLE_USER_SCRIPT_SANDBOXING = NO;
				GENERATE_INFOPLIST_FILE = YES;
				INFOPLIST_FILE = WatchTV/Info.plist;
				INFOPLIST_KEY_UIApplicationSupportsIndirectInputEvents = YES;
				INFOPLIST_KEY_UILaunchStoryboardName = LaunchScreen;
				INFOPLIST_KEY_UIMainStoryboardFile = Main;
				INFOPLIST_KEY_UISupportedInterfaceOrientations_iPad = "UIInterfaceOrientationPortrait UIInterfaceOrientationPortraitUpsideDown UIInterfaceOrientationLandscapeLeft UIInterfaceOrientationLandscapeRight";
				INFOPLIST_KEY_UISupportedInterfaceOrientations_iPhone = "UIInterfaceOrientationPortrait UIInterfaceOrientationLandscapeLeft UIInterfaceOrientationLandscapeRight";
				LD_RUNPATH_SEARCH_PATHS = (
					"$(inherited)",
					"@executable_path/Frameworks",
				);
				MARKETING_VERSION = 1.0;
				PRODUCT_BUNDLE_IDENTIFIER = net.tienpham.WatchTV;
				PRODUCT_NAME = "$(TARGET_NAME)";
				SWIFT_EMIT_LOC_STRINGS = YES;
				SWIFT_VERSION = 5.0;
				TARGETED_DEVICE_FAMILY = "1,2";
			};
			name = Release;
		};
		1A728FE72BC632B900897DE6 /* Debug */ = {
			isa = XCBuildConfiguration;
			baseConfigurationReference = 929F22BFF9D4241345B65453 /* Pods-WatchTVTests.debug.xcconfig */;
			buildSettings = {
				ALWAYS_EMBED_SWIFT_STANDARD_LIBRARIES = YES;
				BUNDLE_LOADER = "$(TEST_HOST)";
				CODE_SIGN_STYLE = Automatic;
				CURRENT_PROJECT_VERSION = 1;
				GENERATE_INFOPLIST_FILE = YES;
				IPHONEOS_DEPLOYMENT_TARGET = 17.4;
				MARKETING_VERSION = 1.0;
				PRODUCT_BUNDLE_IDENTIFIER = net.tienpham.WatchTVTests;
				PRODUCT_NAME = "$(TARGET_NAME)";
				SWIFT_EMIT_LOC_STRINGS = NO;
				SWIFT_VERSION = 5.0;
				TARGETED_DEVICE_FAMILY = "1,2";
				TEST_HOST = "$(BUILT_PRODUCTS_DIR)/WatchTV.app/$(BUNDLE_EXECUTABLE_FOLDER_PATH)/WatchTV";
			};
			name = Debug;
		};
		1A728FE82BC632B900897DE6 /* Release */ = {
			isa = XCBuildConfiguration;
			baseConfigurationReference = 6D20E183FC9445BD3D2E341E /* Pods-WatchTVTests.release.xcconfig */;
			buildSettings = {
				ALWAYS_EMBED_SWIFT_STANDARD_LIBRARIES = YES;
				BUNDLE_LOADER = "$(TEST_HOST)";
				CODE_SIGN_STYLE = Automatic;
				CURRENT_PROJECT_VERSION = 1;
				GENERATE_INFOPLIST_FILE = YES;
				IPHONEOS_DEPLOYMENT_TARGET = 17.4;
				MARKETING_VERSION = 1.0;
				PRODUCT_BUNDLE_IDENTIFIER = net.tienpham.WatchTVTests;
				PRODUCT_NAME = "$(TARGET_NAME)";
				SWIFT_EMIT_LOC_STRINGS = NO;
				SWIFT_VERSION = 5.0;
				TARGETED_DEVICE_FAMILY = "1,2";
				TEST_HOST = "$(BUILT_PRODUCTS_DIR)/WatchTV.app/$(BUNDLE_EXECUTABLE_FOLDER_PATH)/WatchTV";
			};
			name = Release;
		};
		1A728FEA2BC632B900897DE6 /* Debug */ = {
			isa = XCBuildConfiguration;
			baseConfigurationReference = 25FC2900CCDB9C16D2573CD8 /* Pods-WatchTV-WatchTVUITests.debug.xcconfig */;
			buildSettings = {
				ALWAYS_EMBED_SWIFT_STANDARD_LIBRARIES = YES;
				CODE_SIGN_STYLE = Automatic;
				CURRENT_PROJECT_VERSION = 1;
				GENERATE_INFOPLIST_FILE = YES;
				MARKETING_VERSION = 1.0;
				PRODUCT_BUNDLE_IDENTIFIER = net.tienpham.WatchTVUITests;
				PRODUCT_NAME = "$(TARGET_NAME)";
				SWIFT_EMIT_LOC_STRINGS = NO;
				SWIFT_VERSION = 5.0;
				TARGETED_DEVICE_FAMILY = "1,2";
				TEST_TARGET_NAME = WatchTV;
			};
			name = Debug;
		};
		1A728FEB2BC632B900897DE6 /* Release */ = {
			isa = XCBuildConfiguration;
			baseConfigurationReference = 0B4C45A934890F52B6945A79 /* Pods-WatchTV-WatchTVUITests.release.xcconfig */;
			buildSettings = {
				ALWAYS_EMBED_SWIFT_STANDARD_LIBRARIES = YES;
				CODE_SIGN_STYLE = Automatic;
				CURRENT_PROJECT_VERSION = 1;
				GENERATE_INFOPLIST_FILE = YES;
				MARKETING_VERSION = 1.0;
				PRODUCT_BUNDLE_IDENTIFIER = net.tienpham.WatchTVUITests;
				PRODUCT_NAME = "$(TARGET_NAME)";
				SWIFT_EMIT_LOC_STRINGS = NO;
				SWIFT_VERSION = 5.0;
				TARGETED_DEVICE_FAMILY = "1,2";
				TEST_TARGET_NAME = WatchTV;
			};
			name = Release;
		};
/* End XCBuildConfiguration section */

/* Begin XCConfigurationList section */
		1A728FB12BC632B600897DE6 /* Build configuration list for PBXProject "WatchTV" */ = {
			isa = XCConfigurationList;
			buildConfigurations = (
				1A728FE12BC632B900897DE6 /* Debug */,
				1A728FE22BC632B900897DE6 /* Release */,
			);
			defaultConfigurationIsVisible = 0;
			defaultConfigurationName = Release;
		};
		1A728FE32BC632B900897DE6 /* Build configuration list for PBXNativeTarget "WatchTV" */ = {
			isa = XCConfigurationList;
			buildConfigurations = (
				1A728FE42BC632B900897DE6 /* Debug */,
				1A728FE52BC632B900897DE6 /* Release */,
			);
			defaultConfigurationIsVisible = 0;
			defaultConfigurationName = Release;
		};
		1A728FE62BC632B900897DE6 /* Build configuration list for PBXNativeTarget "WatchTVTests" */ = {
			isa = XCConfigurationList;
			buildConfigurations = (
				1A728FE72BC632B900897DE6 /* Debug */,
				1A728FE82BC632B900897DE6 /* Release */,
			);
			defaultConfigurationIsVisible = 0;
			defaultConfigurationName = Release;
		};
		1A728FE92BC632B900897DE6 /* Build configuration list for PBXNativeTarget "WatchTVUITests" */ = {
			isa = XCConfigurationList;
			buildConfigurations = (
				1A728FEA2BC632B900897DE6 /* Debug */,
				1A728FEB2BC632B900897DE6 /* Release */,
			);
			defaultConfigurationIsVisible = 0;
			defaultConfigurationName = Release;
		};
/* End XCConfigurationList section */

/* Begin XCVersionGroup section */
		1A728FC22BC632B600897DE6 /* WatchTV.xcdatamodeld */ = {
			isa = XCVersionGroup;
			children = (
				1A728FC32BC632B600897DE6 /* WatchTV.xcdatamodel */,
			);
			currentVersion = 1A728FC32BC632B600897DE6 /* WatchTV.xcdatamodel */;
			path = WatchTV.xcdatamodeld;
			sourceTree = "<group>";
			versionGroupType = wrapper.xcdatamodel;
		};
/* End XCVersionGroup section */
	};
	rootObject = 1A728FAE2BC632B600897DE6 /* Project object */;
}
